version = 1
revision = 3
requires-python = ">=3.12"

[[package]]
name = "aiofiles"
version = "25.1.0"
source = { registry = "https://mirrors.aliyun.com/pypi/simple" }
sdist = { url = "https://mirrors.aliyun.com/pypi/packages/41/c3/534eac40372d8ee36ef40df62ec129bee4fdb5ad9706e58a29be53b2c970/aiofiles-25.1.0.tar.gz", hash = "sha256:a8d728f0a29de45dc521f18f07297428d56992a742f0cd2701ba86e44d23d5b2" }
wheels = [
    { url = "https://mirrors.aliyun.com/pypi/packages/bc/8a/340a1555ae33d7354dbca4faa54948d76d89a27ceef032c8c3bc661d003e/aiofiles-25.1.0-py3-none-any.whl", hash = "sha256:abe311e527c862958650f9438e859c1fa7568a141b22abcd015e120e86a85695" },
]

[[package]]
name = "anyio"
version = "4.12.0"
source = { registry = "https://mirrors.aliyun.com/pypi/simple" }
dependencies = [
    { name = "idna" },
    { name = "typing-extensions", marker = "python_full_version < '3.13'" },
]
sdist = { url = "https://mirrors.aliyun.com/pypi/packages/16/ce/8a777047513153587e5434fd752e89334ac33e379aa3497db860eeb60377/anyio-4.12.0.tar.gz", hash = "sha256:73c693b567b0c55130c104d0b43a9baf3aa6a31fc6110116509f27bf75e21ec0" }
wheels = [
    { url = "https://mirrors.aliyun.com/pypi/packages/7f/9c/36c5c37947ebfb8c7f22e0eb6e4d188ee2d53aa3880f3f2744fb894f0cb1/anyio-4.12.0-py3-none-any.whl", hash = "sha256:dad2376a628f98eeca4881fc56cd06affd18f659b17a747d3ff0307ced94b1bb" },
]

[[package]]
name = "asyncstdlib"
version = "3.13.1"
source = { registry = "https://mirrors.aliyun.com/pypi/simple" }
sdist = { url = "https://mirrors.aliyun.com/pypi/packages/50/e1/72e388631c85233a2fd890d024fc20a8a9961dbba8614d78266636218f1f/asyncstdlib-3.13.1.tar.gz", hash = "sha256:f47564b9a3566f8f9172631d88c75fe074b0ce2127963b7265d310df9aeed03a" }
wheels = [
    { url = "https://mirrors.aliyun.com/pypi/packages/b9/4a/c86c045bc7bb0244044935ba80c83998f1fdee4f4cef64c6b078e043b0e6/asyncstdlib-3.13.1-py3-none-any.whl", hash = "sha256:a64da68176af1da8c699026cad98f70b184f82b4cb39739e0b9701a2a7541cf9" },
]

[[package]]
name = "bitarray"
version = "3.8.0"
source = { registry = "https://mirrors.aliyun.com/pypi/simple" }
sdist = { url = "https://mirrors.aliyun.com/pypi/packages/95/06/92fdc84448d324ab8434b78e65caf4fb4c6c90b4f8ad9bdd4c8021bfaf1e/bitarray-3.8.0.tar.gz", hash = "sha256:3eae38daffd77c9621ae80c16932eea3fb3a4af141fb7cc724d4ad93eff9210d" }
wheels = [
    { url = "https://mirrors.aliyun.com/pypi/packages/82/a0/0c41d893eda756315491adfdbf9bc928aee3d377a7f97a8834d453aa5de1/bitarray-3.8.0-cp312-cp312-macosx_10_13_x86_64.whl", hash = "sha256:f2fcbe9b3a5996b417e030aa33a562e7e20dfc86271e53d7e841fc5df16268b8" },
    { url = "https://mirrors.aliyun.com/pypi/packages/0e/30/12ab2f4a4429bd844b419c37877caba93d676d18be71354fbbeb21d9f4cc/bitarray-3.8.0-cp312-cp312-macosx_11_0_arm64.whl", hash = "sha256:cd761d158f67e288fd0ebe00c3b158095ce80a4bc7c32b60c7121224003ba70d" },
    { url = "https://mirrors.aliyun.com/pypi/packages/26/58/314b3e3f219533464e120f0c51ac5123e7b1c1b91f725a4073fb70c5a858/bitarray-3.8.0-cp312-cp312-manylinux2014_aarch64.manylinux_2_17_aarch64.manylinux_2_28_aarch64.whl", hash = "sha256:c394a3f055b49f92626f83c1a0b6d6cd2c628f1ccd72481c3e3c6aa4695f3b20" },
    { url = "https://mirrors.aliyun.com/pypi/packages/ea/ce/ca8c706bd8341c7a22dd92d2a528af71f7e5f4726085d93f81fd768cb03b/bitarray-3.8.0-cp312-cp312-manylinux2014_ppc64le.manylinux_2_17_ppc64le.manylinux_2_28_ppc64le.whl", hash = "sha256:969fd67de8c42affdb47b38b80f1eaa79ac0ef17d65407cdd931db1675315af1" },
    { url = "https://mirrors.aliyun.com/pypi/packages/ef/dc/aa181df85f933052d962804906b282acb433cb9318b08ec2aceb4ee34faf/bitarray-3.8.0-cp312-cp312-manylinux2014_s390x.manylinux_2_17_s390x.manylinux_2_28_s390x.whl", hash = "sha256:99d25aff3745c54e61ab340b98400c52ebec04290a62078155e0d7eb30380220" },
    { url = "https://mirrors.aliyun.com/pypi/packages/ff/d9/b805bfa158c7bcf4df0ac19b1be581b47e1ddb792c11023aed80a7058e78/bitarray-3.8.0-cp312-cp312-manylinux2014_x86_64.manylinux_2_17_x86_64.manylinux_2_28_x86_64.whl", hash = "sha256:e645b4c365d6f1f9e0799380ad6395268f3c3b898244a650aaeb8d9d27b74c35" },
    { url = "https://mirrors.aliyun.com/pypi/packages/1f/42/5308cc97ea929e30727292617a3a88293470166851e13c9e3f16f395da55/bitarray-3.8.0-cp312-cp312-musllinux_1_2_aarch64.whl", hash = "sha256:2fa23fdb3beab313950bbb49674e8a161e61449332d3997089fe3944953f1b77" },
    { url = "https://mirrors.aliyun.com/pypi/packages/4c/89/64f1596cb80433323efdbc8dcd0d6e57c40dfbe6ea3341623f34ec397edd/bitarray-3.8.0-cp312-cp312-musllinux_1_2_ppc64le.whl", hash = "sha256:165052a0e61c880f7093808a0c524ce1b3555bfa114c0dfb5c809cd07918a60d" },
    { url = "https://mirrors.aliyun.com/pypi/packages/27/fd/f3d49c5443b57087f888b5e118c8dd78bb7c8e8cfeeed250f8e92128a05f/bitarray-3.8.0-cp312-cp312-musllinux_1_2_s390x.whl", hash = "sha256:337c8cd46a4c6568d367ed676cbf2d7de16f890bb31dbb54c44c1d6bb6d4a1de" },
    { url = "https://mirrors.aliyun.com/pypi/packages/aa/db/1fd0b402bd2b47142e958b6930dbb9445235d03fa703c9a24caa6e576ae2/bitarray-3.8.0-cp312-cp312-musllinux_1_2_x86_64.whl", hash = "sha256:21ca6a47bf20db9e7ad74ca04b3d479e4d76109b68333eb23535553d2705339e" },
    { url = "https://mirrors.aliyun.com/pypi/packages/58/73/680b47718f1313b4538af479c4732eaca0aeda34d93fc5b869f87932d57d/bitarray-3.8.0-cp312-cp312-win32.whl", hash = "sha256:178c5a4c7fdfb5cd79e372ae7f675390e670f3732e5bc68d327e01a5b3ff8d55" },
    { url = "https://mirrors.aliyun.com/pypi/packages/f8/11/7792587c19c79a8283e8838f44709fa4338a8f7d2a3091dfd81c07ae89c7/bitarray-3.8.0-cp312-cp312-win_amd64.whl", hash = "sha256:75a3b6e9c695a6570ea488db75b84bb592ff70a944957efa1c655867c575018b" },
    { url = "https://mirrors.aliyun.com/pypi/packages/9a/00/9df64b5d8a84e8e9ec392f6f9ce93f50626a5b301cb6c6b3fe3406454d66/bitarray-3.8.0-cp312-cp312-win_arm64.whl", hash = "sha256:5591daf81313096909d973fb2612fccd87528fdfdd39f6478bdce54543178954" },
    { url = "https://mirrors.aliyun.com/pypi/packages/3e/35/480364d4baf1e34c79076750914664373f561c58abb5c31c35b3fae613ff/bitarray-3.8.0-cp313-cp313-macosx_10_13_x86_64.whl", hash = "sha256:18214bac86341f1cc413772e66447d6cca10981e2880b70ecaf4e826c04f95e9" },
    { url = "https://mirrors.aliyun.com/pypi/packages/5e/a8/718b95524c803937f4edbaaf6480f39c80f6ed189d61357b345e8361ffb6/bitarray-3.8.0-cp313-cp313-macosx_11_0_arm64.whl", hash = "sha256:01c5f0dc080b0ebb432f7a68ee1e88a76bd34f6d89c9568fcec65fb16ed71f0e" },
    { url = "https://mirrors.aliyun.com/pypi/packages/03/66/4a10f30dc9e2e01e3b4ecd44a511219f98e63c86b0e0f704c90fac24059b/bitarray-3.8.0-cp313-cp313-manylinux2014_aarch64.manylinux_2_17_aarch64.manylinux_2_28_aarch64.whl", hash = "sha256:86685fa04067f7175f9718489ae755f6acde03593a1a9ca89305554af40e14fd" },
    { url = "https://mirrors.aliyun.com/pypi/packages/53/25/4c08774d847f80a1166e4c704b4e0f1c417c0afe6306eae0bc5e70d35faa/bitarray-3.8.0-cp313-cp313-manylinux2014_ppc64le.manylinux_2_17_ppc64le.manylinux_2_28_ppc64le.whl", hash = "sha256:56896ceeffe25946c4010320629e2d858ca763cd8ded273c81672a5edbcb1e0a" },
    { url = "https://mirrors.aliyun.com/pypi/packages/a5/8f/bf8ad26169ebd0b2746d5c7564db734453ca467f8aab87e9d43b0a794383/bitarray-3.8.0-cp313-cp313-manylinux2014_s390x.manylinux_2_17_s390x.manylinux_2_28_s390x.whl", hash = "sha256:9858dcbc23ba7eaadcd319786b982278a1a2b2020720b19db43e309579ff76fb" },
    { url = "https://mirrors.aliyun.com/pypi/packages/a9/16/ce166754e7c9d10650e02914552fa637cf3b2591f7ed16632bbf6b783312/bitarray-3.8.0-cp313-cp313-manylinux2014_x86_64.manylinux_2_17_x86_64.manylinux_2_28_x86_64.whl", hash = "sha256:aa7dec53c25f1949513457ef8b0ea1fb40e76c672cc4d2daa8ad3c8d6b73491a" },
    { url = "https://mirrors.aliyun.com/pypi/packages/de/2a/fbba3a106ddd260e84b9a624f730257c32ba51a8a029565248dfedfdf6f2/bitarray-3.8.0-cp313-cp313-musllinux_1_2_aarch64.whl", hash = "sha256:15a2eff91f54d2b1f573cca8ca6fb58763ce8fea80e7899ab028f3987ef71cd5" },
    { url = "https://mirrors.aliyun.com/pypi/packages/68/97/56cf3c70196e7307ad32318a9d6ed969dbdc6a4534bbe429112fa7dfe42e/bitarray-3.8.0-cp313-cp313-musllinux_1_2_ppc64le.whl", hash = "sha256:b1572ee0eb1967e71787af636bb7d1eb9c6735d5337762c450650e7f51844594" },
    { url = "https://mirrors.aliyun.com/pypi/packages/fd/be/afd391a5c0896d3339613321b2f94af853f29afc8bd3fbc327431244c642/bitarray-3.8.0-cp313-cp313-musllinux_1_2_s390x.whl", hash = "sha256:5bfac7f236ba1a4d402644bdce47fb9db02a7cf3214a1f637d3a88390f9e5428" },
    { url = "https://mirrors.aliyun.com/pypi/packages/ae/08/a8e1a371babba29bad3378bb3a2cdca2b012170711e7fe1f22031a6b7b95/bitarray-3.8.0-cp313-cp313-musllinux_1_2_x86_64.whl", hash = "sha256:f0a55cf02d2cdd739b40ce10c09bbdd520e141217696add7a48b56e67bdfdfe6" },
    { url = "https://mirrors.aliyun.com/pypi/packages/ee/8a/6dc1d0fdc06991c8dc3b1fcfe1ae49fbaced42064cd1b5f24278e73fe05f/bitarray-3.8.0-cp313-cp313-win32.whl", hash = "sha256:a2ba92f59e30ce915e9e79af37649432e3a212ddddf416d4d686b1b4825bcdb2" },
    { url = "https://mirrors.aliyun.com/pypi/packages/2e/72/76e13f5cd23b8b9071747909663ce3b02da24a5e7e22c35146338625db35/bitarray-3.8.0-cp313-cp313-win_amd64.whl", hash = "sha256:1c8f2a5d8006db5a555e06f9437e76bf52537d3dfd130cb8ae2b30866aca32c9" },
    { url = "https://mirrors.aliyun.com/pypi/packages/01/37/60f336c32336cc3ec03b0c61076f16ea2f05d5371c8a56e802161d218b77/bitarray-3.8.0-cp313-cp313-win_arm64.whl", hash = "sha256:50ddbe3a7b4b6ab96812f5a4d570f401a2cdb95642fd04c062f98939610bbeee" },
    { url = "https://mirrors.aliyun.com/pypi/packages/1b/b0/411327a6c7f6b2bead64bb06fe60b92e0344957ec1ab0645d5ccc25fdafe/bitarray-3.8.0-cp314-cp314-macosx_10_13_x86_64.whl", hash = "sha256:8cbd4bfc933b33b85c43ef4c1f4d5e3e9d91975ea6368acf5fbac02bac06ea89" },
    { url = "https://mirrors.aliyun.com/pypi/packages/2a/bc/ff80d97c627d774f879da0ea93223adb1267feab7e07d5c17580ffe6d632/bitarray-3.8.0-cp314-cp314-macosx_11_0_arm64.whl", hash = "sha256:9d35d8f8a1c9ed4e2b08187b513f8a3c71958600129db3aa26d85ea3abfd1310" },
    { url = "https://mirrors.aliyun.com/pypi/packages/66/e7/b4cb6c5689aacd0a32f3aa8a507155eaa33528c63de2f182b60843fbf700/bitarray-3.8.0-cp314-cp314-manylinux2014_aarch64.manylinux_2_17_aarch64.manylinux_2_28_aarch64.whl", hash = "sha256:99f55e14e7c56f4fafe1343480c32b110ef03836c21ff7c48bae7add6818f77c" },
    { url = "https://mirrors.aliyun.com/pypi/packages/e7/91/fbd1b047e3e2f4b65590f289c8151df1d203d75b005f5aae4e072fe77d76/bitarray-3.8.0-cp314-cp314-manylinux2014_ppc64le.manylinux_2_17_ppc64le.manylinux_2_28_ppc64le.whl", hash = "sha256:dfbe2aa45b273f49e715c5345d94874cb65a28482bf231af408891c260601b8d" },
    { url = "https://mirrors.aliyun.com/pypi/packages/ef/4a/63064c593627bac8754fdafcb5343999c93ab2aeb27bcd9d270a010abea5/bitarray-3.8.0-cp314-cp314-manylinux2014_s390x.manylinux_2_17_s390x.manylinux_2_28_s390x.whl", hash = "sha256:64af877116edf051375b45f0bda648143176a017b13803ec7b3a3111dc05f4c5" },
    { url = "https://mirrors.aliyun.com/pypi/packages/46/97/ddc07723767bdafd170f2ff6e173c940fa874192783ee464aa3c1dedf07d/bitarray-3.8.0-cp314-cp314-manylinux2014_x86_64.manylinux_2_17_x86_64.manylinux_2_28_x86_64.whl", hash = "sha256:cdfbb27f2c46bb5bbdcee147530cbc5ca8ab858d7693924e88e30ada21b2c5e2" },
    { url = "https://mirrors.aliyun.com/pypi/packages/ad/1e/e1ea9f1146fd4af032817069ff118918d73e5de519854ce3860e2ed560ff/bitarray-3.8.0-cp314-cp314-musllinux_1_2_aarch64.whl", hash = "sha256:4d73d4948dcc5591d880db8933004e01f1dd2296df9de815354d53469beb26fe" },
    { url = "https://mirrors.aliyun.com/pypi/packages/cf/9f/8242296c124a48d1eab471fd0838aeb7ea9c6fd720302d99ab7855d3e6d3/bitarray-3.8.0-cp314-cp314-musllinux_1_2_ppc64le.whl", hash = "sha256:28a85b056c0eb7f5d864c0ceef07034117e8ebfca756f50648c71950a568ba11" },
    { url = "https://mirrors.aliyun.com/pypi/packages/b5/6b/9095d75264c67d479f298c80802422464ce18c3cdd893252eeccf4997611/bitarray-3.8.0-cp314-cp314-musllinux_1_2_s390x.whl", hash = "sha256:79ec4498a545733ecace48d780d22407411b07403a2e08b9a4d7596c0b97ebd7" },
    { url = "https://mirrors.aliyun.com/pypi/packages/a0/af/c93c0ae5ef824136e90ac7ddf6cceccb1232f34240b2f55a922f874da9b4/bitarray-3.8.0-cp314-cp314-musllinux_1_2_x86_64.whl", hash = "sha256:33af25c4ff7723363cb8404dfc2eefeab4110b654f6c98d26aba8a08c745d860" },
    { url = "https://mirrors.aliyun.com/pypi/packages/81/0f/72c951f5997b2876355d5e671f78dd2362493254876675cf22dbd24389ae/bitarray-3.8.0-cp314-cp314-win32.whl", hash = "sha256:2c3bb96b6026643ce24677650889b09073f60b9860a71765f843c99f9ab38b25" },
    { url = "https://mirrors.aliyun.com/pypi/packages/8a/55/ef1b4de8107bf13823da8756c20e1fbc9452228b4e837f46f6d9ddba3eb3/bitarray-3.8.0-cp314-cp314-win_amd64.whl", hash = "sha256:847c7f61964225fc489fe1d49eda7e0e0d253e98862c012cecf845f9ad45cdf4" },
    { url = "https://mirrors.aliyun.com/pypi/packages/5f/26/bc0784136775024ac56cc67c0d6f9aa77a7770de7f82c3a7c9be11c217cd/bitarray-3.8.0-cp314-cp314-win_arm64.whl", hash = "sha256:a2cb35a6efaa0e3623d8272471371a12c7e07b51a33e5efce9b58f655d864b4e" },
    { url = "https://mirrors.aliyun.com/pypi/packages/6e/64/57984e64264bf43d93a1809e645972771566a2d0345f4896b041ce20b000/bitarray-3.8.0-cp314-cp314t-macosx_10_13_x86_64.whl", hash = "sha256:15e8d0597cc6e8496de6f4dea2a6880c57e1251502a7072f5631108a1aa28521" },
    { url = "https://mirrors.aliyun.com/pypi/packages/81/c0/0d5f2eaef1867f462f764bdb07d1e116c33a1bf052ea21889aefe4282f5b/bitarray-3.8.0-cp314-cp314t-macosx_11_0_arm64.whl", hash = "sha256:8ffe660e963ae711cb9e2b8d8461c9b1ad6167823837fc17d59d5e539fb898fa" },
    { url = "https://mirrors.aliyun.com/pypi/packages/65/c6/bc1261f7a8862c0c59220a484464739e52235fd1e2afcb24d7f7d3fb5702/bitarray-3.8.0-cp314-cp314t-manylinux2014_aarch64.manylinux_2_17_aarch64.manylinux_2_28_aarch64.whl", hash = "sha256:4779f356083c62e29b4198d290b7b17a39a69702d150678b7efff0fdddf494a8" },
    { url = "https://mirrors.aliyun.com/pypi/packages/81/d8/289ca55dd2939ea17b1108dc53bffc0fdc5160ba44f77502dfaae35d08c6/bitarray-3.8.0-cp314-cp314t-manylinux2014_ppc64le.manylinux_2_17_ppc64le.manylinux_2_28_ppc64le.whl", hash = "sha256:025d133bf4ca8cf75f904eeb8ea946228d7c043231866143f31946a6f4dd0bf3" },
    { url = "https://mirrors.aliyun.com/pypi/packages/91/a2/61e7461ca9ac0fcb70f327a2e84b006996d2a840898e69037a39c87c6d06/bitarray-3.8.0-cp314-cp314t-manylinux2014_s390x.manylinux_2_17_s390x.manylinux_2_28_s390x.whl", hash = "sha256:451f9958850ea98440d542278368c8d1e1ea821e2494b204570ba34a340759df" },
    { url = "https://mirrors.aliyun.com/pypi/packages/6c/87/4a0c9c8bdb13916d443e04d8f8542eef9190f31425da3c17c3478c40173f/bitarray-3.8.0-cp314-cp314t-manylinux2014_x86_64.manylinux_2_17_x86_64.manylinux_2_28_x86_64.whl", hash = "sha256:6d79f659965290af60d6acc8e2716341865fe74609a7ede2a33c2f86ad893b8f" },
    { url = "https://mirrors.aliyun.com/pypi/packages/17/4c/ff9259b916efe53695b631772e5213699c738efc2471b5ffe273f4000994/bitarray-3.8.0-cp314-cp314t-musllinux_1_2_aarch64.whl", hash = "sha256:fbf05678c2ae0064fb1b8de7e9e8f0fc30621b73c8477786dd0fb3868044a8c8" },
    { url = "https://mirrors.aliyun.com/pypi/packages/0f/4b/51b2468bbddbade5e2f3b8d5db08282c5b309e8687b0f02f75a8b5ff559c/bitarray-3.8.0-cp314-cp314t-musllinux_1_2_ppc64le.whl", hash = "sha256:c396358023b876cff547ce87f4e8ff8a2280598873a137e8cc69e115262260b8" },
    { url = "https://mirrors.aliyun.com/pypi/packages/bf/79/53473bfc2e052c6dbb628cdc1b156be621c77aaeb715918358b01574be55/bitarray-3.8.0-cp314-cp314t-musllinux_1_2_s390x.whl", hash = "sha256:ed3493a369fe849cce98542d7405c88030b355e4d2e113887cb7ecc86c205773" },
    { url = "https://mirrors.aliyun.com/pypi/packages/c4/b1/242bf2e44bfc69e73fa2b954b425d761a8e632f78ea31008f1c3cfad0854/bitarray-3.8.0-cp314-cp314t-musllinux_1_2_x86_64.whl", hash = "sha256:c764fb167411d5afaef88138542a4bfa28bd5e5ded5e8e42df87cef965efd6e9" },
    { url = "https://mirrors.aliyun.com/pypi/packages/cf/01/12e5ecf30a5de28a32485f226cad4b8a546845f65f755ce0365057ab1e92/bitarray-3.8.0-cp314-cp314t-win32.whl", hash = "sha256:e12769d3adcc419e65860de946df8d2ed274932177ac1cdb05186e498aaa9149" },
    { url = "https://mirrors.aliyun.com/pypi/packages/b6/92/6b6ade587b08024a8a890b07724775d29da9cf7497be5c3cbe226185e463/bitarray-3.8.0-cp314-cp314t-win_amd64.whl", hash = "sha256:0ca70ccf789446a6dfde40b482ec21d28067172cd1f8efd50d5548159fccad9e" },
    { url = "https://mirrors.aliyun.com/pypi/packages/ed/40/be3858ffed004e47e48a2cefecdbf9b950d41098b780f9dc3aa609a88351/bitarray-3.8.0-cp314-cp314t-win_arm64.whl", hash = "sha256:2a3d1b05ffdd3e95687942ae7b13c63689f85d3f15c39b33329e3cb9ce6c015f" },
]

[[package]]
name = "hydrogenlib-config"
source = { editable = "." }
dependencies = [
    { name = "hydrogenlib-core" },
]

[package.metadata]
requires-dist = [{ name = "hydrogenlib-core" }]

[[package]]
name = "hydrogenlib-core"
version = "0.1.3"
source = { registry = "https://mirrors.aliyun.com/pypi/simple" }
dependencies = [
    { name = "aiofiles" },
    { name = "anyio" },
    { name = "asyncstdlib" },
    { name = "bitarray" },
    { name = "jsonpickle" },
    { name = "ping3" },
    { name = "psutil" },
    { name = "rich" },
]
wheels = [
    { url = "https://mirrors.aliyun.com/pypi/packages/37/ee/a6faafebcf440c559722e9154a604ef7be907748206c2b6b6e2e5a89bc0a/hydrogenlib_core-0.1.3-py3-none-any.whl", hash = "sha256:cc7c4a28a05f37a6ac6e57de2ca7337b751f7b0a6614c8c2615d49c5761de4af" },
]

[[package]]
name = "idna"
version = "3.11"
source = { registry = "https://mirrors.aliyun.com/pypi/simple" }
sdist = { url = "https://mirrors.aliyun.com/pypi/packages/6f/6d/0703ccc57f3a7233505399edb88de3cbd678da106337b9fcde432b65ed60/idna-3.11.tar.gz", hash = "sha256:795dafcc9c04ed0c1fb032c2aa73654d8e8c5023a7df64a53f39190ada629902" }
wheels = [
    { url = "https://mirrors.aliyun.com/pypi/packages/0e/61/66938bbb5fc52dbdf84594873d5b51fb1f7c7794e9c0f5bd885f30bc507b/idna-3.11-py3-none-any.whl", hash = "sha256:771a87f49d9defaf64091e6e6fe9c18d4833f140bd19464795bc32d966ca37ea" },
]

[[package]]
name = "jsonpickle"
version = "3.4.2"
source = { registry = "https://mirrors.aliyun.com/pypi/simple" }
sdist = { url = "https://mirrors.aliyun.com/pypi/packages/eb/d9/05365407d3312653498001adcebe64a14024f7189691b728610209991c46/jsonpickle-3.4.2.tar.gz", hash = "sha256:2efa2778859b6397d5804b0a98d52cd2a7d9a70fcb873bc5a3ca5acca8f499ba" }
wheels = [
    { url = "https://mirrors.aliyun.com/pypi/packages/c0/a3/e610ae0feba3e7374da08ab6cc9bb76c8bfa84b4e502aa357bda0ef6dcae/jsonpickle-3.4.2-py3-none-any.whl", hash = "sha256:fd6c273278a02b3b66e3405db3dd2f4dbc8f4a4a3123bfcab3045177c6feb9c3" },
]

[[package]]
name = "markdown-it-py"
version = "4.0.0"
source = { registry = "https://mirrors.aliyun.com/pypi/simple" }
dependencies = [
    { name = "mdurl" },
]
sdist = { url = "https://mirrors.aliyun.com/pypi/packages/5b/f5/4ec618ed16cc4f8fb3b701563655a69816155e79e24a17b651541804721d/markdown_it_py-4.0.0.tar.gz", hash = "sha256:cb0a2b4aa34f932c007117b194e945bd74e0ec24133ceb5bac59009cda1cb9f3" }
wheels = [
    { url = "https://mirrors.aliyun.com/pypi/packages/94/54/e7d793b573f298e1c9013b8c4dade17d481164aa517d1d7148619c2cedbf/markdown_it_py-4.0.0-py3-none-any.whl", hash = "sha256:87327c59b172c5011896038353a81343b6754500a08cd7a4973bb48c6d578147" },
]

[[package]]
name = "mdurl"
version = "0.1.2"
source = { registry = "https://mirrors.aliyun.com/pypi/simple" }
sdist = { url = "https://mirrors.aliyun.com/pypi/packages/d6/54/cfe61301667036ec958cb99bd3efefba235e65cdeb9c84d24a8293ba1d90/mdurl-0.1.2.tar.gz", hash = "sha256:bb413d29f5eea38f31dd4754dd7377d4465116fb207585f97bf925588687c1ba" }
wheels = [
    { url = "https://mirrors.aliyun.com/pypi/packages/b3/38/89ba8ad64ae25be8de66a6d463314cf1eb366222074cfda9ee839c56a4b4/mdurl-0.1.2-py3-none-any.whl", hash = "sha256:84008a41e51615a49fc9966191ff91509e3c40b939176e643fd50a5c2196b8f8" },
]

[[package]]
name = "ping3"
version = "4.0.8"
source = { registry = "https://mirrors.aliyun.com/pypi/simple" }
sdist = { url = "https://mirrors.aliyun.com/pypi/packages/20/75/31ad8e1e466caeed891c39275be21d585b1490af1f4e5d747d4e45b54e9d/ping3-4.0.8.tar.gz", hash = "sha256:9ab460eb57f006b71f977a693d157215aabd6bbcbc6cd6428b6951eaae0c2875" }
wheels = [
    { url = "https://mirrors.aliyun.com/pypi/packages/e6/f4/4070daca3da5bbc3ef5e622d68f979e034e5bf678416817918e51a1b2907/ping3-4.0.8-py3-none-any.whl", hash = "sha256:b5c294851968b4229e9af69d252778241cb84221594b436a8677419c31925594" },
]

[[package]]
name = "psutil"
version = "6.1.1"
source = { registry = "https://mirrors.aliyun.com/pypi/simple" }
sdist = { url = "https://mirrors.aliyun.com/pypi/packages/1f/5a/07871137bb752428aa4b659f910b399ba6f291156bdea939be3e96cae7cb/psutil-6.1.1.tar.gz", hash = "sha256:cf8496728c18f2d0b45198f06895be52f36611711746b7f30c464b422b50e2f5" }
wheels = [
    { url = "https://mirrors.aliyun.com/pypi/packages/61/99/ca79d302be46f7bdd8321089762dd4476ee725fce16fc2b2e1dbba8cac17/psutil-6.1.1-cp36-abi3-macosx_10_9_x86_64.whl", hash = "sha256:fc0ed7fe2231a444fc219b9c42d0376e0a9a1a72f16c5cfa0f68d19f1a0663e8" },
    { url = "https://mirrors.aliyun.com/pypi/packages/0b/6b/73dbde0dd38f3782905d4587049b9be64d76671042fdcaf60e2430c6796d/psutil-6.1.1-cp36-abi3-macosx_11_0_arm64.whl", hash = "sha256:0bdd4eab935276290ad3cb718e9809412895ca6b5b334f5a9111ee6d9aff9377" },
    { url = "https://mirrors.aliyun.com/pypi/packages/17/38/c319d31a1d3f88c5b79c68b3116c129e5133f1822157dd6da34043e32ed6/psutil-6.1.1-cp36-abi3-manylinux_2_12_i686.manylinux2010_i686.manylinux_2_17_i686.manylinux2014_i686.whl", hash = "sha256:b6e06c20c05fe95a3d7302d74e7097756d4ba1247975ad6905441ae1b5b66003" },
    { url = "https://mirrors.aliyun.com/pypi/packages/9c/39/0f88a830a1c8a3aba27fededc642da37613c57cbff143412e3536f89784f/psutil-6.1.1-cp36-abi3-manylinux_2_12_x86_64.manylinux2010_x86_64.manylinux_2_17_x86_64.manylinux2014_x86_64.whl", hash = "sha256:97f7cb9921fbec4904f522d972f0c0e1f4fabbdd4e0287813b21215074a0f160" },
    { url = "https://mirrors.aliyun.com/pypi/packages/47/da/99f4345d4ddf2845cb5b5bd0d93d554e84542d116934fde07a0c50bd4e9f/psutil-6.1.1-cp36-abi3-manylinux_2_17_aarch64.manylinux2014_aarch64.whl", hash = "sha256:33431e84fee02bc84ea36d9e2c4a6d395d479c9dd9bba2376c1f6ee8f3a4e0b3" },
    { url = "https://mirrors.aliyun.com/pypi/packages/38/53/bd755c2896f4461fd4f36fa6a6dcb66a88a9e4b9fd4e5b66a77cf9d4a584/psutil-6.1.1-cp37-abi3-win32.whl", hash = "sha256:eaa912e0b11848c4d9279a93d7e2783df352b082f40111e078388701fd479e53" },
    { url = "https://mirrors.aliyun.com/pypi/packages/7b/d7/7831438e6c3ebbfa6e01a927127a6cb42ad3ab844247f3c5b96bea25d73d/psutil-6.1.1-cp37-abi3-win_amd64.whl", hash = "sha256:f35cfccb065fff93529d2afb4a2e89e363fe63ca1e4a5da22b603a85833c2649" },
]

[[package]]
name = "pygments"
version = "2.19.2"
source = { registry = "https://mirrors.aliyun.com/pypi/simple" }
sdist = { url = "https://mirrors.aliyun.com/pypi/packages/b0/77/a5b8c569bf593b0140bde72ea885a803b82086995367bf2037de0159d924/pygments-2.19.2.tar.gz", hash = "sha256:636cb2477cec7f8952536970bc533bc43743542f70392ae026374600add5b887" }
wheels = [
    { url = "https://mirrors.aliyun.com/pypi/packages/c7/21/705964c7812476f378728bdf590ca4b771ec72385c533964653c68e86bdc/pygments-2.19.2-py3-none-any.whl", hash = "sha256:86540386c03d588bb81d44bc3928634ff26449851e99741617ecb9037ee5ec0b" },
]

[[package]]
name = "rich"
version = "14.2.0"
source = { registry = "https://mirrors.aliyun.com/pypi/simple" }
dependencies = [
    { name = "markdown-it-py" },
    { name = "pygments" },
]
sdist = { url = "https://mirrors.aliyun.com/pypi/packages/fb/d2/8920e102050a0de7bfabeb4c4614a49248cf8d5d7a8d01885fbb24dc767a/rich-14.2.0.tar.gz", hash = "sha256:73ff50c7c0c1c77c8243079283f4edb376f0f6442433aecb8ce7e6d0b92d1fe4" }
wheels = [
    { url = "https://mirrors.aliyun.com/pypi/packages/25/7a/b0178788f8dc6cafce37a212c99565fa1fe7872c70c6c9c1e1a372d9d88f/rich-14.2.0-py3-none-any.whl", hash = "sha256:76bc51fe2e57d2b1be1f96c524b890b816e334ab4c1e45888799bfaab0021edd" },
]

[[package]]
name = "typing-extensions"
version = "4.15.0"
source = { registry = "https://mirrors.aliyun.com/pypi/simple" }
sdist = { url = "https://mirrors.aliyun.com/pypi/packages/72/94/1a15dd82efb362ac84269196e94cf00f187f7ed21c242792a923cdb1c61f/typing_extensions-4.15.0.tar.gz", hash = "sha256:0cea48d173cc12fa28ecabc3b837ea3cf6f38c6d1136f85cbaaf598984861466" }
wheels = [
    { url = "https://mirrors.aliyun.com/pypi/packages/18/67/36e9267722cc04a6b9f15c7f3441c2363321a3ea07da7ae0c0707beb2a9c/typing_extensions-4.15.0-py3-none-any.whl", hash = "sha256:f0fa19c6845758ab08074a0cfa8b7aecb71c999ca73d62883bc25cc018c4e548" },
]
