# This file is automatically @generated by Poetry 2.3.1 and should not be changed by hand.

[[package]]
name = "comtypes"
version = "1.4.15"
description = "Pure Python COM package"
optional = false
python-versions = ">=3.9"
groups = ["main"]
files = [
    {file = "comtypes-1.4.15-py3-none-any.whl", hash = "sha256:cda90486de8762ec57d7ce04e68721920911f3f03415cb29afdf7609c427c7e3"},
    {file = "comtypes-1.4.15.tar.gz", hash = "sha256:c72b9968a4e920087183a364c5a13b174e02b11c302cdd92690d14c95ac1b312"},
]

[metadata]
lock-version = "2.1"
python-versions = ">=3.10,<3.15"
content-hash = "a3e43bf2e0fe4910c1182a15d6bfab56cc8a6ff7c265058acb67aab41e2c818c"
