# This file was autogenerated by uv via the following command:
#    uv pip compile pyproject.toml --output-file requirements.lock
anytree==2.13.0
    # via ekfsm (pyproject.toml)
click==8.3.1
    # via ekfsm (pyproject.toml)
crcmod==1.7
    # via ekfsm (pyproject.toml)
gpiod==2.4.0
    # via ekfsm (pyproject.toml)
hexdump==3.3
    # via ekfsm (pyproject.toml)
ifaddr==0.2.0
    # via zeroconf
io4edge-client==2.4.3
    # via ekfsm (pyproject.toml)
more-itertools==10.8.0
    # via ekfsm (pyproject.toml)
munch==4.0.0
    # via ekfsm (pyproject.toml)
protobuf==6.33.4
    # via
    #   ekfsm (pyproject.toml)
    #   io4edge-client
pyyaml==6.0.3
    # via yamale
schema==0.7.8
    # via ekfsm (pyproject.toml)
smbus2==0.6.0
    # via ekfsm (pyproject.toml)
termcolor==3.3.0
    # via ekfsm (pyproject.toml)
yamale==6.1.0
    # via ekfsm (pyproject.toml)
zeroconf==0.148.0
    # via io4edge-client
