# This file is automatically @generated by Poetry 2.3.1 and should not be changed by hand.

[[package]]
name = "comtypes"
version = "1.2.0"
description = "Pure Python COM package"
optional = false
python-versions = "*"
groups = ["main"]
files = [
    {file = "comtypes-1.2.0-py2.py3-none-any.whl", hash = "sha256:26f261b1eed6972d5cdaa3af1fadb3fa76fc59877d0a1293835327a76573380d"},
    {file = "comtypes-1.2.0.zip", hash = "sha256:c8f2f0e995d73baf0bd899a948d62adeb9ab908c8270c66a67ff09dfcf4872b7"},
]

[metadata]
lock-version = "2.1"
python-versions = ">=3.8"
content-hash = "d82b4517f3a99c79ced0cd149d51980308337893287ec2b1a02f005df6193c13"
