{
  "lockfileVersion": 1,
  "configVersion": 1,
  "workspaces": {
    "": {
      "dependencies": {
        "@opencode-ai/plugin": "1.1.40",
      },
    },
  },
  "packages": {
    "@opencode-ai/plugin": ["@opencode-ai/plugin@1.1.40", "https://pkgs.dev.azure.com/toloka/_packaging/Frontend/npm/registry/@opencode-ai/plugin/-/plugin-1.1.40.tgz", { "dependencies": { "@opencode-ai/sdk": "1.1.40", "zod": "4.1.8" } }, "sha1-mEeP9Vwf4hoI7xncRv4nAVtgQZU="],

    "@opencode-ai/sdk": ["@opencode-ai/sdk@1.1.40", "https://pkgs.dev.azure.com/toloka/_packaging/Frontend/npm/registry/@opencode-ai/sdk/-/sdk-1.1.40.tgz", {}, "sha1-yGQ1snKrHBySnqyiGEbdEQVxZX8="],

    "zod": ["zod@4.1.8", "https://pkgs.dev.azure.com/toloka/_packaging/Frontend/npm/registry/zod/-/zod-4.1.8.tgz", {}, "sha1-VPAkrcY03RhQBqhBXaK91JW52Ss="],
  }
}
