{
  "nodes": {
    "flake-parts": {
      "inputs": {
        "nixpkgs-lib": "nixpkgs-lib"
      },
      "locked": {
        "lastModified": 1741352980,
        "narHash": "sha256-+u2UunDA4Cl5Fci3m7S643HzKmIDAe+fiXrLqYsR2fs=",
        "owner": "hercules-ci",
        "repo": "flake-parts",
        "rev": "f4330d22f1c5d2ba72d3d22df5597d123fdb60a9",
        "type": "github"
      },
      "original": {
        "owner": "hercules-ci",
        "repo": "flake-parts",
        "rev": "f4330d22f1c5d2ba72d3d22df5597d123fdb60a9",
        "type": "github"
      }
    },
    "nixpkgs": {
      "locked": {
        "lastModified": 1761782654,
        "narHash": "sha256-oJu5WdPqwvWmKXDZ4Zyep3PYFCyF3joCIeKCbPVXolo=",
        "owner": "nixos",
        "repo": "nixpkgs",
        "rev": "ad58b79e5abff33ce3b26c56449eff0b7bff8daf",
        "type": "github"
      },
      "original": {
        "owner": "nixos",
        "repo": "nixpkgs",
        "rev": "ad58b79e5abff33ce3b26c56449eff0b7bff8daf",
        "type": "github"
      }
    },
    "nixpkgs-lib": {
      "locked": {
        "lastModified": 1740877520,
        "narHash": "sha256-oiwv/ZK/2FhGxrCkQkB83i7GnWXPPLzoqFHpDD3uYpk=",
        "owner": "nix-community",
        "repo": "nixpkgs.lib",
        "rev": "147dee35aab2193b174e4c0868bd80ead5ce755c",
        "type": "github"
      },
      "original": {
        "owner": "nix-community",
        "repo": "nixpkgs.lib",
        "type": "github"
      }
    },
    "nixpkgs_2": {
      "locked": {
        "lastModified": 1759616235,
        "narHash": "sha256-n4mNn7/oCoWuA03VrSc7clgAZsjde8/3IQiS3vmRlb8=",
        "owner": "NixOS",
        "repo": "nixpkgs",
        "rev": "0c87aed8aa26591634cd96b9de3d942802545aa3",
        "type": "github"
      },
      "original": {
        "owner": "NixOS",
        "repo": "nixpkgs",
        "rev": "0c87aed8aa26591634cd96b9de3d942802545aa3",
        "type": "github"
      }
    },
    "nixpkgs_3": {
      "locked": {
        "lastModified": 1758690382,
        "narHash": "sha256-NY3kSorgqE5LMm1LqNwGne3ZLMF2/ILgLpFr1fS4X3o=",
        "owner": "nixos",
        "repo": "nixpkgs",
        "rev": "e643668fd71b949c53f8626614b21ff71a07379d",
        "type": "github"
      },
      "original": {
        "owner": "nixos",
        "ref": "nixos-unstable",
        "repo": "nixpkgs",
        "type": "github"
      }
    },
    "nixpkgs_4": {
      "locked": {
        "lastModified": 1758690382,
        "narHash": "sha256-NY3kSorgqE5LMm1LqNwGne3ZLMF2/ILgLpFr1fS4X3o=",
        "owner": "nixos",
        "repo": "nixpkgs",
        "rev": "e643668fd71b949c53f8626614b21ff71a07379d",
        "type": "github"
      },
      "original": {
        "owner": "nixos",
        "ref": "nixos-unstable",
        "repo": "nixpkgs",
        "type": "github"
      }
    },
    "nixpkgs_5": {
      "locked": {
        "lastModified": 1763678758,
        "narHash": "sha256-+hBiJ+kG5IoffUOdlANKFflTT5nO3FrrR2CA3178Y5s=",
        "owner": "nixos",
        "repo": "nixpkgs",
        "rev": "117cc7f94e8072499b0a7aa4c52084fa4e11cc9b",
        "type": "github"
      },
      "original": {
        "owner": "nixos",
        "ref": "nixos-unstable",
        "repo": "nixpkgs",
        "type": "github"
      }
    },
    "pipeline": {
      "inputs": {
        "flake-parts": [
          "flake-parts"
        ]
      },
      "locked": {
        "dir": "common/utils/pipeline",
        "lastModified": 1766531065,
        "narHash": "sha256-a/CJMPGgtWRAbFN7UQYKND2fHI9JKd4nD1ABFjYw/K8=",
        "ref": "refs/heads/trunk",
        "rev": "fc77d58a857329eb3832bbdef3b328c4c944319e",
        "shallow": true,
        "type": "git",
        "url": "ssh://git@gitlab.com/fluidattacks/universe"
      },
      "original": {
        "dir": "common/utils/pipeline",
        "rev": "fc77d58a857329eb3832bbdef3b328c4c944319e",
        "shallow": true,
        "type": "git",
        "url": "ssh://git@gitlab.com/fluidattacks/universe"
      }
    },
    "pyproject-build-systems": {
      "inputs": {
        "nixpkgs": "nixpkgs_3",
        "pyproject-nix": "pyproject-nix",
        "uv2nix": "uv2nix"
      },
      "locked": {
        "lastModified": 1763662255,
        "narHash": "sha256-4bocaOyLa3AfiS8KrWjZQYu+IAta05u3gYZzZ6zXbT0=",
        "owner": "pyproject-nix",
        "repo": "build-system-pkgs",
        "rev": "042904167604c681a090c07eb6967b4dd4dae88c",
        "type": "github"
      },
      "original": {
        "owner": "pyproject-nix",
        "repo": "build-system-pkgs",
        "type": "github"
      }
    },
    "pyproject-nix": {
      "inputs": {
        "nixpkgs": [
          "python-env",
          "pyproject-build-systems",
          "nixpkgs"
        ]
      },
      "locked": {
        "lastModified": 1758265079,
        "narHash": "sha256-amLaLNwKSZPShQHzfgmc/9o76dU8xzN0743dWgvYlr8=",
        "owner": "nix-community",
        "repo": "pyproject.nix",
        "rev": "02e9418fd4af638447dca4b17b1280da95527fc9",
        "type": "github"
      },
      "original": {
        "owner": "nix-community",
        "repo": "pyproject.nix",
        "type": "github"
      }
    },
    "pyproject-nix_2": {
      "inputs": {
        "nixpkgs": "nixpkgs_4"
      },
      "locked": {
        "lastModified": 1764134915,
        "narHash": "sha256-xaKvtPx6YAnA3HQVp5LwyYG1MaN4LLehpQI8xEdBvBY=",
        "owner": "pyproject-nix",
        "repo": "pyproject.nix",
        "rev": "2c8df1383b32e5443c921f61224b198a2282a657",
        "type": "github"
      },
      "original": {
        "owner": "pyproject-nix",
        "repo": "pyproject.nix",
        "type": "github"
      }
    },
    "pyproject-nix_3": {
      "inputs": {
        "nixpkgs": [
          "python-env",
          "uv2nix",
          "nixpkgs"
        ]
      },
      "locked": {
        "lastModified": 1763716960,
        "narHash": "sha256-PUlomle4klGbnZr0wOn8z61Mbt7tXh6Yp3hZ9/CQkq0=",
        "owner": "pyproject-nix",
        "repo": "pyproject.nix",
        "rev": "d6c61dbe0be75e2f4cf0efcdc62428175be4cfb5",
        "type": "github"
      },
      "original": {
        "owner": "pyproject-nix",
        "repo": "pyproject.nix",
        "type": "github"
      }
    },
    "python-env": {
      "inputs": {
        "flake-parts": [
          "flake-parts"
        ],
        "nixpkgs": "nixpkgs_2",
        "pyproject-build-systems": "pyproject-build-systems",
        "pyproject-nix": "pyproject-nix_2",
        "uv2nix": "uv2nix_2"
      },
      "locked": {
        "dir": "common/utils/python-env",
        "lastModified": 1766531065,
        "narHash": "sha256-a/CJMPGgtWRAbFN7UQYKND2fHI9JKd4nD1ABFjYw/K8=",
        "ref": "refs/heads/trunk",
        "rev": "fc77d58a857329eb3832bbdef3b328c4c944319e",
        "shallow": true,
        "type": "git",
        "url": "ssh://git@gitlab.com/fluidattacks/universe"
      },
      "original": {
        "dir": "common/utils/python-env",
        "rev": "fc77d58a857329eb3832bbdef3b328c4c944319e",
        "shallow": true,
        "type": "git",
        "url": "ssh://git@gitlab.com/fluidattacks/universe"
      }
    },
    "root": {
      "inputs": {
        "flake-parts": "flake-parts",
        "nixpkgs": "nixpkgs",
        "pipeline": "pipeline",
        "python-env": "python-env",
        "shell-helpers": "shell-helpers"
      }
    },
    "shell-helpers": {
      "inputs": {
        "flake-parts": [
          "flake-parts"
        ],
        "nixpkgs": [
          "nixpkgs"
        ]
      },
      "locked": {
        "dir": "common/utils/shell-helpers",
        "lastModified": 1766531065,
        "narHash": "sha256-a/CJMPGgtWRAbFN7UQYKND2fHI9JKd4nD1ABFjYw/K8=",
        "ref": "refs/heads/trunk",
        "rev": "fc77d58a857329eb3832bbdef3b328c4c944319e",
        "shallow": true,
        "type": "git",
        "url": "ssh://git@gitlab.com/fluidattacks/universe"
      },
      "original": {
        "dir": "common/utils/shell-helpers",
        "rev": "fc77d58a857329eb3832bbdef3b328c4c944319e",
        "shallow": true,
        "type": "git",
        "url": "ssh://git@gitlab.com/fluidattacks/universe"
      }
    },
    "uv2nix": {
      "inputs": {
        "nixpkgs": [
          "python-env",
          "pyproject-build-systems",
          "nixpkgs"
        ],
        "pyproject-nix": [
          "python-env",
          "pyproject-build-systems",
          "pyproject-nix"
        ]
      },
      "locked": {
        "lastModified": 1758933732,
        "narHash": "sha256-HAmm1GBS1myZCFuog0DC2ZLaynvZtiUI2Crmo+cdQI0=",
        "owner": "pyproject-nix",
        "repo": "uv2nix",
        "rev": "273ce18f913d8559e0d04f820d724308966d7c4d",
        "type": "github"
      },
      "original": {
        "owner": "pyproject-nix",
        "repo": "uv2nix",
        "type": "github"
      }
    },
    "uv2nix_2": {
      "inputs": {
        "nixpkgs": "nixpkgs_5",
        "pyproject-nix": "pyproject-nix_3"
      },
      "locked": {
        "lastModified": 1767701098,
        "narHash": "sha256-CJhKZnWb3gumR9oTRjFvCg/6lYTGbZRU7xtvcyWIRwU=",
        "owner": "pyproject-nix",
        "repo": "uv2nix",
        "rev": "9d357f0d2ce6f5f35ec7959d7e704452352eb4da",
        "type": "github"
      },
      "original": {
        "owner": "pyproject-nix",
        "repo": "uv2nix",
        "type": "github"
      }
    }
  },
  "root": "root",
  "version": 7
}
