
Microsoft Visual Studio Solution File, Format Version 12.00
# Visual Studio Version 17
VisualStudioVersion = 17.9.34728.123
MinimumVisualStudioVersion = 10.0.40219.1
Project("{888888A0-9F3D-457C-B088-3A5042F75D52}") = "CribbageApp", "CribbageApp.pyproj", "{93A64BDE-93EF-4CCD-9614-50EE3DCE89EE}"
EndProject
Global
	GlobalSection(SolutionConfigurationPlatforms) = preSolution
		Debug|Any CPU = Debug|Any CPU
		Release|Any CPU = Release|Any CPU
	EndGlobalSection
	GlobalSection(ProjectConfigurationPlatforms) = postSolution
		{93A64BDE-93EF-4CCD-9614-50EE3DCE89EE}.Debug|Any CPU.ActiveCfg = Debug|Any CPU
		{93A64BDE-93EF-4CCD-9614-50EE3DCE89EE}.Release|Any CPU.ActiveCfg = Release|Any CPU
	EndGlobalSection
	GlobalSection(SolutionProperties) = preSolution
		HideSolutionNode = FALSE
	EndGlobalSection
	GlobalSection(ExtensibilityGlobals) = postSolution
		SolutionGuid = {AA9E7746-6AAF-495D-A97D-9235C7EE1774}
	EndGlobalSection
EndGlobal
