{
  "nodes": {
    "flake-parts": {
      "inputs": {
        "nixpkgs-lib": "nixpkgs-lib"
      },
      "locked": {
        "lastModified": 1762810396,
        "narHash": "sha256-dxFVgQPG+R72dkhXTtqUm7KpxElw3u6E+YlQ2WaDgt8=",
        "owner": "hercules-ci",
        "repo": "flake-parts",
        "rev": "0bdadb1b265fb4143a75bd1ec7d8c915898a9923",
        "type": "github"
      },
      "original": {
        "owner": "hercules-ci",
        "repo": "flake-parts",
        "type": "github"
      }
    },
    "nix_filter": {
      "locked": {
        "lastModified": 1757882181,
        "narHash": "sha256-+cCxYIh2UNalTz364p+QYmWHs0P+6wDhiWR4jDIKQIU=",
        "owner": "numtide",
        "repo": "nix-filter",
        "rev": "59c44d1909c72441144b93cf0f054be7fe764de5",
        "type": "github"
      },
      "original": {
        "owner": "numtide",
        "repo": "nix-filter",
        "type": "github"
      }
    },
    "nixpkgs": {
      "locked": {
        "lastModified": 1758690382,
        "narHash": "sha256-NY3kSorgqE5LMm1LqNwGne3ZLMF2/ILgLpFr1fS4X3o=",
        "owner": "nixos",
        "repo": "nixpkgs",
        "rev": "e643668fd71b949c53f8626614b21ff71a07379d",
        "type": "github"
      },
      "original": {
        "owner": "nixos",
        "ref": "nixos-unstable",
        "repo": "nixpkgs",
        "type": "github"
      }
    },
    "nixpkgs-lib": {
      "locked": {
        "lastModified": 1761765539,
        "narHash": "sha256-b0yj6kfvO8ApcSE+QmA6mUfu8IYG6/uU28OFn4PaC8M=",
        "owner": "nix-community",
        "repo": "nixpkgs.lib",
        "rev": "719359f4562934ae99f5443f20aa06c2ffff91fc",
        "type": "github"
      },
      "original": {
        "owner": "nix-community",
        "repo": "nixpkgs.lib",
        "type": "github"
      }
    },
    "nixpkgs_2": {
      "locked": {
        "lastModified": 1758690382,
        "narHash": "sha256-NY3kSorgqE5LMm1LqNwGne3ZLMF2/ILgLpFr1fS4X3o=",
        "owner": "nixos",
        "repo": "nixpkgs",
        "rev": "e643668fd71b949c53f8626614b21ff71a07379d",
        "type": "github"
      },
      "original": {
        "owner": "nixos",
        "ref": "nixos-unstable",
        "repo": "nixpkgs",
        "type": "github"
      }
    },
    "nixpkgs_3": {
      "locked": {
        "lastModified": 1761373498,
        "narHash": "sha256-Q/uhWNvd7V7k1H1ZPMy/vkx3F8C13ZcdrKjO7Jv7v0c=",
        "owner": "nixos",
        "repo": "nixpkgs",
        "rev": "6a08e6bb4e46ff7fcbb53d409b253f6bad8a28ce",
        "type": "github"
      },
      "original": {
        "owner": "nixos",
        "ref": "nixos-unstable",
        "repo": "nixpkgs",
        "type": "github"
      }
    },
    "nixpkgs_flake": {
      "locked": {
        "lastModified": 1762812764,
        "narHash": "sha256-MNqrovkO8AEQeYQK7e3X2GDx2H8vfDIxV4K/VEaIjjo=",
        "owner": "nixos",
        "repo": "nixpkgs",
        "rev": "400156fe527ab6b54cf6f70cca2c8385548a29c4",
        "type": "github"
      },
      "original": {
        "owner": "nixos",
        "repo": "nixpkgs",
        "type": "github"
      }
    },
    "nixpkgs_flake_2": {
      "locked": {
        "lastModified": 1761668286,
        "narHash": "sha256-YN/cm/hbm7pi7lMZCsNhu6jlBUi4wUirrIlyOMpbjKU=",
        "owner": "nixos",
        "repo": "nixpkgs",
        "rev": "1fdb9eb10eff581a40ce2e9511c4ed517eac0c3f",
        "type": "github"
      },
      "original": {
        "owner": "nixos",
        "repo": "nixpkgs",
        "type": "github"
      }
    },
    "observes_flake_builder": {
      "inputs": {
        "nix_filter": "nix_filter",
        "nixpkgs_flake": "nixpkgs_flake",
        "pyproject-build-systems": "pyproject-build-systems",
        "pyproject-nix": "pyproject-nix_2",
        "pythonix_flake": "pythonix_flake",
        "shell-helpers": "shell-helpers",
        "uv2nix": "uv2nix_2"
      },
      "locked": {
        "dir": "observes/common/std_flake_2",
        "lastModified": 1768584843,
        "narHash": "sha256-V0sEDoOEkxvnG6po+3Ve6OAqFA9H9SuvchW8ohY22Xo=",
        "ref": "refs/heads/trunk",
        "rev": "3fa54e41d48bd54a59a76f3b0495998663758538",
        "shallow": true,
        "type": "git",
        "url": "ssh://git@gitlab.com/fluidattacks/universe"
      },
      "original": {
        "dir": "observes/common/std_flake_2",
        "rev": "3fa54e41d48bd54a59a76f3b0495998663758538",
        "shallow": true,
        "type": "git",
        "url": "ssh://git@gitlab.com/fluidattacks/universe"
      }
    },
    "pyproject-build-systems": {
      "inputs": {
        "nixpkgs": "nixpkgs",
        "pyproject-nix": "pyproject-nix",
        "uv2nix": "uv2nix"
      },
      "locked": {
        "lastModified": 1761781027,
        "narHash": "sha256-YDvxPAm2WnxrznRqWwHLjryBGG5Ey1ATEJXrON+TWt8=",
        "owner": "pyproject-nix",
        "repo": "build-system-pkgs",
        "rev": "795a980d25301e5133eca37adae37283ec3c8e66",
        "type": "github"
      },
      "original": {
        "owner": "pyproject-nix",
        "repo": "build-system-pkgs",
        "type": "github"
      }
    },
    "pyproject-nix": {
      "inputs": {
        "nixpkgs": [
          "observes_flake_builder",
          "pyproject-build-systems",
          "nixpkgs"
        ]
      },
      "locked": {
        "lastModified": 1758265079,
        "narHash": "sha256-amLaLNwKSZPShQHzfgmc/9o76dU8xzN0743dWgvYlr8=",
        "owner": "nix-community",
        "repo": "pyproject.nix",
        "rev": "02e9418fd4af638447dca4b17b1280da95527fc9",
        "type": "github"
      },
      "original": {
        "owner": "nix-community",
        "repo": "pyproject.nix",
        "type": "github"
      }
    },
    "pyproject-nix_2": {
      "inputs": {
        "nixpkgs": "nixpkgs_2"
      },
      "locked": {
        "lastModified": 1762427963,
        "narHash": "sha256-CkPlAbIQ87wmjy5qHibfzk4DmMGBNqFer+lLfXjpP5M=",
        "owner": "pyproject-nix",
        "repo": "pyproject.nix",
        "rev": "4540ea004e04fcd12dd2738d51383d10f956f7b9",
        "type": "github"
      },
      "original": {
        "owner": "pyproject-nix",
        "repo": "pyproject.nix",
        "type": "github"
      }
    },
    "pyproject-nix_3": {
      "inputs": {
        "nixpkgs": [
          "observes_flake_builder",
          "uv2nix",
          "nixpkgs"
        ]
      },
      "locked": {
        "lastModified": 1760402624,
        "narHash": "sha256-jF6UKLs2uGc2rtved8Vrt58oTWjTQoAssuYs/0578Z4=",
        "owner": "pyproject-nix",
        "repo": "pyproject.nix",
        "rev": "84c4ea102127c77058ea1ed7be7300261fafc7d2",
        "type": "github"
      },
      "original": {
        "owner": "pyproject-nix",
        "repo": "pyproject.nix",
        "type": "github"
      }
    },
    "pythonix_flake": {
      "inputs": {
        "nixpkgs_flake": "nixpkgs_flake_2"
      },
      "locked": {
        "dir": "observes/common/pythonix_mirror",
        "lastModified": 1767370831,
        "narHash": "sha256-VR86TSrJsNHQq31Ksga+1dvsrkv9u1pKa0MKuKYeIAc=",
        "ref": "refs/heads/trunk",
        "rev": "0678f8ff3bfe02cfe23bc819bfa739c53bd6e4b6",
        "shallow": true,
        "type": "git",
        "url": "ssh://git@gitlab.com/fluidattacks/universe"
      },
      "original": {
        "dir": "observes/common/pythonix_mirror",
        "rev": "0678f8ff3bfe02cfe23bc819bfa739c53bd6e4b6",
        "shallow": true,
        "type": "git",
        "url": "ssh://git@gitlab.com/fluidattacks/universe"
      }
    },
    "root": {
      "inputs": {
        "observes_flake_builder": "observes_flake_builder"
      }
    },
    "shell-helpers": {
      "inputs": {
        "flake-parts": "flake-parts",
        "nixpkgs": [
          "observes_flake_builder",
          "nixpkgs_flake"
        ]
      },
      "locked": {
        "dir": "common/utils/shell-helpers",
        "lastModified": 1762806066,
        "narHash": "sha256-Wz99Fl7SpPU1NkTHJ36XOo6DjOEAMXCw3ThRABOS2Hs=",
        "ref": "refs/heads/trunk",
        "rev": "d73cfdc7ae9e7f547e22a4481d4c2ccce38b26a8",
        "shallow": true,
        "type": "git",
        "url": "ssh://git@gitlab.com/fluidattacks/universe"
      },
      "original": {
        "dir": "common/utils/shell-helpers",
        "rev": "d73cfdc7ae9e7f547e22a4481d4c2ccce38b26a8",
        "shallow": true,
        "type": "git",
        "url": "ssh://git@gitlab.com/fluidattacks/universe"
      }
    },
    "uv2nix": {
      "inputs": {
        "nixpkgs": [
          "observes_flake_builder",
          "pyproject-build-systems",
          "nixpkgs"
        ],
        "pyproject-nix": [
          "observes_flake_builder",
          "pyproject-build-systems",
          "pyproject-nix"
        ]
      },
      "locked": {
        "lastModified": 1758933732,
        "narHash": "sha256-HAmm1GBS1myZCFuog0DC2ZLaynvZtiUI2Crmo+cdQI0=",
        "owner": "pyproject-nix",
        "repo": "uv2nix",
        "rev": "273ce18f913d8559e0d04f820d724308966d7c4d",
        "type": "github"
      },
      "original": {
        "owner": "pyproject-nix",
        "repo": "uv2nix",
        "type": "github"
      }
    },
    "uv2nix_2": {
      "inputs": {
        "nixpkgs": "nixpkgs_3",
        "pyproject-nix": "pyproject-nix_3"
      },
      "locked": {
        "lastModified": 1761872265,
        "narHash": "sha256-i25GRgp2vUOebY70L3NTAgkd+Pr1hnn5xM3qHxH0ONU=",
        "owner": "pyproject-nix",
        "repo": "uv2nix",
        "rev": "74dfb62871be152ad3673b143b0cc56105a4f3c5",
        "type": "github"
      },
      "original": {
        "owner": "pyproject-nix",
        "repo": "uv2nix",
        "type": "github"
      }
    }
  },
  "root": "root",
  "version": 7
}
