{
    "_meta": {
        "hash": {
            "sha256": "d62209cc3d3fbbc31980742246327cb4c7fd6fc72d4034f8ea1929daf3c0b19b"
        },
        "pipfile-spec": 6,
        "requires": {
            "python_version": ">=3.12"
        },
        "sources": [
            {
                "name": "pypi",
                "url": "https://pypi.org/simple",
                "verify_ssl": true
            }
        ]
    },
    "default": {
        "astroid": {
            "hashes": [
                "sha256:104fb9cb9b27ea95e847a94c003be03a9e039334a8ebca5ee27dafaf5c5711eb",
                "sha256:c332157953060c6deb9caa57303ae0d20b0fbdb2e59b4a4f2a6ba49d0a7961ce"
            ],
            "markers": "python_full_version >= '3.9.0'",
            "version": "==3.3.10"
        },
        "blitzdb5": {
            "hashes": [
                "sha256:66b16d8c2cf7a80d87bf9e6dbd8399a942c6a0c2215ed3e2fbceed39505d65af",
                "sha256:fda4f14feac01f220951bcec0cabf32bf3f416350ff3fce1d4288aa897825066"
            ],
            "index": "pypi",
            "version": "==8.1.0.dev6"
        },
        "certifi": {
            "hashes": [
                "sha256:0a816057ea3cdefcef70270d2c515e4506bbc954f417fa5ade2021213bb8f0c6",
                "sha256:30350364dfe371162649852c63336a15c70c6510c2ad5015b21c2345311805f3"
            ],
            "markers": "python_version >= '3.6'",
            "version": "==2025.4.26"
        },
        "cffi": {
            "hashes": [
                "sha256:045d61c734659cc045141be4bae381a41d89b741f795af1dd018bfb532fd0df8",
                "sha256:0984a4925a435b1da406122d4d7968dd861c1385afe3b45ba82b750f229811e2",
                "sha256:0e2b1fac190ae3ebfe37b979cc1ce69c81f4e4fe5746bb401dca63a9062cdaf1",
                "sha256:0f048dcf80db46f0098ccac01132761580d28e28bc0f78ae0d58048063317e15",
                "sha256:1257bdabf294dceb59f5e70c64a3e2f462c30c7ad68092d01bbbfb1c16b1ba36",
                "sha256:1c39c6016c32bc48dd54561950ebd6836e1670f2ae46128f67cf49e789c52824",
                "sha256:1d599671f396c4723d016dbddb72fe8e0397082b0a77a4fab8028923bec050e8",
                "sha256:28b16024becceed8c6dfbc75629e27788d8a3f9030691a1dbf9821a128b22c36",
                "sha256:2bb1a08b8008b281856e5971307cc386a8e9c5b625ac297e853d36da6efe9c17",
                "sha256:30c5e0cb5ae493c04c8b42916e52ca38079f1b235c2f8ae5f4527b963c401caf",
                "sha256:31000ec67d4221a71bd3f67df918b1f88f676f1c3b535a7eb473255fdc0b83fc",
                "sha256:386c8bf53c502fff58903061338ce4f4950cbdcb23e2902d86c0f722b786bbe3",
                "sha256:3edc8d958eb099c634dace3c7e16560ae474aa3803a5df240542b305d14e14ed",
                "sha256:45398b671ac6d70e67da8e4224a065cec6a93541bb7aebe1b198a61b58c7b702",
                "sha256:46bf43160c1a35f7ec506d254e5c890f3c03648a4dbac12d624e4490a7046cd1",
                "sha256:4ceb10419a9adf4460ea14cfd6bc43d08701f0835e979bf821052f1805850fe8",
                "sha256:51392eae71afec0d0c8fb1a53b204dbb3bcabcb3c9b807eedf3e1e6ccf2de903",
                "sha256:5da5719280082ac6bd9aa7becb3938dc9f9cbd57fac7d2871717b1feb0902ab6",
                "sha256:610faea79c43e44c71e1ec53a554553fa22321b65fae24889706c0a84d4ad86d",
                "sha256:636062ea65bd0195bc012fea9321aca499c0504409f413dc88af450b57ffd03b",
                "sha256:6883e737d7d9e4899a8a695e00ec36bd4e5e4f18fabe0aca0efe0a4b44cdb13e",
                "sha256:6b8b4a92e1c65048ff98cfe1f735ef8f1ceb72e3d5f0c25fdb12087a23da22be",
                "sha256:6f17be4345073b0a7b8ea599688f692ac3ef23ce28e5df79c04de519dbc4912c",
                "sha256:706510fe141c86a69c8ddc029c7910003a17353970cff3b904ff0686a5927683",
                "sha256:72e72408cad3d5419375fc87d289076ee319835bdfa2caad331e377589aebba9",
                "sha256:733e99bc2df47476e3848417c5a4540522f234dfd4ef3ab7fafdf555b082ec0c",
                "sha256:7596d6620d3fa590f677e9ee430df2958d2d6d6de2feeae5b20e82c00b76fbf8",
                "sha256:78122be759c3f8a014ce010908ae03364d00a1f81ab5c7f4a7a5120607ea56e1",
                "sha256:805b4371bf7197c329fcb3ead37e710d1bca9da5d583f5073b799d5c5bd1eee4",
                "sha256:85a950a4ac9c359340d5963966e3e0a94a676bd6245a4b55bc43949eee26a655",
                "sha256:8f2cdc858323644ab277e9bb925ad72ae0e67f69e804f4898c070998d50b1a67",
                "sha256:9755e4345d1ec879e3849e62222a18c7174d65a6a92d5b346b1863912168b595",
                "sha256:98e3969bcff97cae1b2def8ba499ea3d6f31ddfdb7635374834cf89a1a08ecf0",
                "sha256:a08d7e755f8ed21095a310a693525137cfe756ce62d066e53f502a83dc550f65",
                "sha256:a1ed2dd2972641495a3ec98445e09766f077aee98a1c896dcb4ad0d303628e41",
                "sha256:a24ed04c8ffd54b0729c07cee15a81d964e6fee0e3d4d342a27b020d22959dc6",
                "sha256:a45e3c6913c5b87b3ff120dcdc03f6131fa0065027d0ed7ee6190736a74cd401",
                "sha256:a9b15d491f3ad5d692e11f6b71f7857e7835eb677955c00cc0aefcd0669adaf6",
                "sha256:ad9413ccdeda48c5afdae7e4fa2192157e991ff761e7ab8fdd8926f40b160cc3",
                "sha256:b2ab587605f4ba0bf81dc0cb08a41bd1c0a5906bd59243d56bad7668a6fc6c16",
                "sha256:b62ce867176a75d03a665bad002af8e6d54644fad99a3c70905c543130e39d93",
                "sha256:c03e868a0b3bc35839ba98e74211ed2b05d2119be4e8a0f224fba9384f1fe02e",
                "sha256:c59d6e989d07460165cc5ad3c61f9fd8f1b4796eacbd81cee78957842b834af4",
                "sha256:c7eac2ef9b63c79431bc4b25f1cd649d7f061a28808cbc6c47b534bd789ef964",
                "sha256:c9c3d058ebabb74db66e431095118094d06abf53284d9c81f27300d0e0d8bc7c",
                "sha256:ca74b8dbe6e8e8263c0ffd60277de77dcee6c837a3d0881d8c1ead7268c9e576",
                "sha256:caaf0640ef5f5517f49bc275eca1406b0ffa6aa184892812030f04c2abf589a0",
                "sha256:cdf5ce3acdfd1661132f2a9c19cac174758dc2352bfe37d98aa7512c6b7178b3",
                "sha256:d016c76bdd850f3c626af19b0542c9677ba156e4ee4fccfdd7848803533ef662",
                "sha256:d01b12eeeb4427d3110de311e1774046ad344f5b1a7403101878976ecd7a10f3",
                "sha256:d63afe322132c194cf832bfec0dc69a99fb9bb6bbd550f161a49e9e855cc78ff",
                "sha256:da95af8214998d77a98cc14e3a3bd00aa191526343078b530ceb0bd710fb48a5",
                "sha256:dd398dbc6773384a17fe0d3e7eeb8d1a21c2200473ee6806bb5e6a8e62bb73dd",
                "sha256:de2ea4b5833625383e464549fec1bc395c1bdeeb5f25c4a3a82b5a8c756ec22f",
                "sha256:de55b766c7aa2e2a3092c51e0483d700341182f08e67c63630d5b6f200bb28e5",
                "sha256:df8b1c11f177bc2313ec4b2d46baec87a5f3e71fc8b45dab2ee7cae86d9aba14",
                "sha256:e03eab0a8677fa80d646b5ddece1cbeaf556c313dcfac435ba11f107ba117b5d",
                "sha256:e221cf152cff04059d011ee126477f0d9588303eb57e88923578ace7baad17f9",
                "sha256:e31ae45bc2e29f6b2abd0de1cc3b9d5205aa847cafaecb8af1476a609a2f6eb7",
                "sha256:edae79245293e15384b51f88b00613ba9f7198016a5948b5dddf4917d4d26382",
                "sha256:f1e22e8c4419538cb197e4dd60acc919d7696e5ef98ee4da4e01d3f8cfa4cc5a",
                "sha256:f3a2b4222ce6b60e2e8b337bb9596923045681d71e5a082783484d845390938e",
                "sha256:f6a16c31041f09ead72d69f583767292f750d24913dadacf5756b966aacb3f1a",
                "sha256:f75c7ab1f9e4aca5414ed4d8e5c0e303a34f4421f8a0d47a4d019ceff0ab6af4",
                "sha256:f79fc4fc25f1c8698ff97788206bb3c2598949bfe0fef03d299eb1b5356ada99",
                "sha256:f7f5baafcc48261359e14bcd6d9bff6d4b28d9103847c9e136694cb0501aef87",
                "sha256:fc48c783f9c87e60831201f2cce7f3b2e4846bf4d8728eabe54d60700b318a0b"
            ],
            "index": "pypi",
            "markers": "python_version >= '3.8'",
            "version": "==1.17.1"
        },
        "chardet": {
            "hashes": [
                "sha256:1b3b6ff479a8c414bc3fa2c0852995695c4a026dcd6d0633b2dd092ca39c1cf7",
                "sha256:e1cf59446890a00105fe7b7912492ea04b6e6f06d4b742b2c788469e34c82970"
            ],
            "index": "pypi",
            "markers": "python_version >= '3.7'",
            "version": "==5.2.0"
        },
        "charset-normalizer": {
            "hashes": [
                "sha256:005fa3432484527f9732ebd315da8da8001593e2cf46a3d817669f062c3d9ed4",
                "sha256:046595208aae0120559a67693ecc65dd75d46f7bf687f159127046628178dc45",
                "sha256:0c29de6a1a95f24b9a1aa7aefd27d2487263f00dfd55a77719b530788f75cff7",
                "sha256:0c8c57f84ccfc871a48a47321cfa49ae1df56cd1d965a09abe84066f6853b9c0",
                "sha256:0f5d9ed7f254402c9e7d35d2f5972c9bbea9040e99cd2861bd77dc68263277c7",
                "sha256:18dd2e350387c87dabe711b86f83c9c78af772c748904d372ade190b5c7c9d4d",
                "sha256:1b1bde144d98e446b056ef98e59c256e9294f6b74d7af6846bf5ffdafd687a7d",
                "sha256:1c95a1e2902a8b722868587c0e1184ad5c55631de5afc0eb96bc4b0d738092c0",
                "sha256:1cad5f45b3146325bb38d6855642f6fd609c3f7cad4dbaf75549bf3b904d3184",
                "sha256:21b2899062867b0e1fde9b724f8aecb1af14f2778d69aacd1a5a1853a597a5db",
                "sha256:24498ba8ed6c2e0b56d4acbf83f2d989720a93b41d712ebd4f4979660db4417b",
                "sha256:25a23ea5c7edc53e0f29bae2c44fcb5a1aa10591aae107f2a2b2583a9c5cbc64",
                "sha256:289200a18fa698949d2b39c671c2cc7a24d44096784e76614899a7ccf2574b7b",
                "sha256:28a1005facc94196e1fb3e82a3d442a9d9110b8434fc1ded7a24a2983c9888d8",
                "sha256:32fc0341d72e0f73f80acb0a2c94216bd704f4f0bce10aedea38f30502b271ff",
                "sha256:36b31da18b8890a76ec181c3cf44326bf2c48e36d393ca1b72b3f484113ea344",
                "sha256:3c21d4fca343c805a52c0c78edc01e3477f6dd1ad7c47653241cf2a206d4fc58",
                "sha256:3fddb7e2c84ac87ac3a947cb4e66d143ca5863ef48e4a5ecb83bd48619e4634e",
                "sha256:43e0933a0eff183ee85833f341ec567c0980dae57c464d8a508e1b2ceb336471",
                "sha256:4a476b06fbcf359ad25d34a057b7219281286ae2477cc5ff5e3f70a246971148",
                "sha256:4e594135de17ab3866138f496755f302b72157d115086d100c3f19370839dd3a",
                "sha256:50bf98d5e563b83cc29471fa114366e6806bc06bc7a25fd59641e41445327836",
                "sha256:5a9979887252a82fefd3d3ed2a8e3b937a7a809f65dcb1e068b090e165bbe99e",
                "sha256:5baececa9ecba31eff645232d59845c07aa030f0c81ee70184a90d35099a0e63",
                "sha256:5bf4545e3b962767e5c06fe1738f951f77d27967cb2caa64c28be7c4563e162c",
                "sha256:6333b3aa5a12c26b2a4d4e7335a28f1475e0e5e17d69d55141ee3cab736f66d1",
                "sha256:65c981bdbd3f57670af8b59777cbfae75364b483fa8a9f420f08094531d54a01",
                "sha256:68a328e5f55ec37c57f19ebb1fdc56a248db2e3e9ad769919a58672958e8f366",
                "sha256:6a0289e4589e8bdfef02a80478f1dfcb14f0ab696b5a00e1f4b8a14a307a3c58",
                "sha256:6b66f92b17849b85cad91259efc341dce9c1af48e2173bf38a85c6329f1033e5",
                "sha256:6c9379d65defcab82d07b2a9dfbfc2e95bc8fe0ebb1b176a3190230a3ef0e07c",
                "sha256:6fc1f5b51fa4cecaa18f2bd7a003f3dd039dd615cd69a2afd6d3b19aed6775f2",
                "sha256:70f7172939fdf8790425ba31915bfbe8335030f05b9913d7ae00a87d4395620a",
                "sha256:721c76e84fe669be19c5791da68232ca2e05ba5185575086e384352e2c309597",
                "sha256:7222ffd5e4de8e57e03ce2cef95a4c43c98fcb72ad86909abdfc2c17d227fc1b",
                "sha256:75d10d37a47afee94919c4fab4c22b9bc2a8bf7d4f46f87363bcf0573f3ff4f5",
                "sha256:76af085e67e56c8816c3ccf256ebd136def2ed9654525348cfa744b6802b69eb",
                "sha256:770cab594ecf99ae64c236bc9ee3439c3f46be49796e265ce0cc8bc17b10294f",
                "sha256:7a6ab32f7210554a96cd9e33abe3ddd86732beeafc7a28e9955cdf22ffadbab0",
                "sha256:7c48ed483eb946e6c04ccbe02c6b4d1d48e51944b6db70f697e089c193404941",
                "sha256:7f56930ab0abd1c45cd15be65cc741c28b1c9a34876ce8c17a2fa107810c0af0",
                "sha256:8075c35cd58273fee266c58c0c9b670947c19df5fb98e7b66710e04ad4e9ff86",
                "sha256:8272b73e1c5603666618805fe821edba66892e2870058c94c53147602eab29c7",
                "sha256:82d8fd25b7f4675d0c47cf95b594d4e7b158aca33b76aa63d07186e13c0e0ab7",
                "sha256:844da2b5728b5ce0e32d863af26f32b5ce61bc4273a9c720a9f3aa9df73b1455",
                "sha256:8755483f3c00d6c9a77f490c17e6ab0c8729e39e6390328e42521ef175380ae6",
                "sha256:915f3849a011c1f593ab99092f3cecfcb4d65d8feb4a64cf1bf2d22074dc0ec4",
                "sha256:926ca93accd5d36ccdabd803392ddc3e03e6d4cd1cf17deff3b989ab8e9dbcf0",
                "sha256:982bb1e8b4ffda883b3d0a521e23abcd6fd17418f6d2c4118d257a10199c0ce3",
                "sha256:98f862da73774290f251b9df8d11161b6cf25b599a66baf087c1ffe340e9bfd1",
                "sha256:9cbfacf36cb0ec2897ce0ebc5d08ca44213af24265bd56eca54bee7923c48fd6",
                "sha256:a370b3e078e418187da8c3674eddb9d983ec09445c99a3a263c2011993522981",
                "sha256:a955b438e62efdf7e0b7b52a64dc5c3396e2634baa62471768a64bc2adb73d5c",
                "sha256:aa6af9e7d59f9c12b33ae4e9450619cf2488e2bbe9b44030905877f0b2324980",
                "sha256:aa88ca0b1932e93f2d961bf3addbb2db902198dca337d88c89e1559e066e7645",
                "sha256:aaeeb6a479c7667fbe1099af9617c83aaca22182d6cf8c53966491a0f1b7ffb7",
                "sha256:aaf27faa992bfee0264dc1f03f4c75e9fcdda66a519db6b957a3f826e285cf12",
                "sha256:b2680962a4848b3c4f155dc2ee64505a9c57186d0d56b43123b17ca3de18f0fa",
                "sha256:b2d318c11350e10662026ad0eb71bb51c7812fc8590825304ae0bdd4ac283acd",
                "sha256:b33de11b92e9f75a2b545d6e9b6f37e398d86c3e9e9653c4864eb7e89c5773ef",
                "sha256:b3daeac64d5b371dea99714f08ffc2c208522ec6b06fbc7866a450dd446f5c0f",
                "sha256:be1e352acbe3c78727a16a455126d9ff83ea2dfdcbc83148d2982305a04714c2",
                "sha256:bee093bf902e1d8fc0ac143c88902c3dfc8941f7ea1d6a8dd2bcb786d33db03d",
                "sha256:c72fbbe68c6f32f251bdc08b8611c7b3060612236e960ef848e0a517ddbe76c5",
                "sha256:c9e36a97bee9b86ef9a1cf7bb96747eb7a15c2f22bdb5b516434b00f2a599f02",
                "sha256:cddf7bd982eaa998934a91f69d182aec997c6c468898efe6679af88283b498d3",
                "sha256:cf713fe9a71ef6fd5adf7a79670135081cd4431c2943864757f0fa3a65b1fafd",
                "sha256:d11b54acf878eef558599658b0ffca78138c8c3655cf4f3a4a673c437e67732e",
                "sha256:d41c4d287cfc69060fa91cae9683eacffad989f1a10811995fa309df656ec214",
                "sha256:d524ba3f1581b35c03cb42beebab4a13e6cdad7b36246bd22541fa585a56cccd",
                "sha256:daac4765328a919a805fa5e2720f3e94767abd632ae410a9062dff5412bae65a",
                "sha256:db4c7bf0e07fc3b7d89ac2a5880a6a8062056801b83ff56d8464b70f65482b6c",
                "sha256:dc7039885fa1baf9be153a0626e337aa7ec8bf96b0128605fb0d77788ddc1681",
                "sha256:dccab8d5fa1ef9bfba0590ecf4d46df048d18ffe3eec01eeb73a42e0d9e7a8ba",
                "sha256:dedb8adb91d11846ee08bec4c8236c8549ac721c245678282dcb06b221aab59f",
                "sha256:e45ba65510e2647721e35323d6ef54c7974959f6081b58d4ef5d87c60c84919a",
                "sha256:e53efc7c7cee4c1e70661e2e112ca46a575f90ed9ae3fef200f2a25e954f4b28",
                "sha256:e635b87f01ebc977342e2697d05b56632f5f879a4f15955dfe8cef2448b51691",
                "sha256:e70e990b2137b29dc5564715de1e12701815dacc1d056308e2b17e9095372a82",
                "sha256:e8082b26888e2f8b36a042a58307d5b917ef2b1cacab921ad3323ef91901c71a",
                "sha256:e8323a9b031aa0393768b87f04b4164a40037fb2a3c11ac06a03ffecd3618027",
                "sha256:e92fca20c46e9f5e1bb485887d074918b13543b1c2a1185e69bb8d17ab6236a7",
                "sha256:eb30abc20df9ab0814b5a2524f23d75dcf83cde762c161917a2b4b7b55b1e518",
                "sha256:eba9904b0f38a143592d9fc0e19e2df0fa2e41c3c3745554761c5f6447eedabf",
                "sha256:ef8de666d6179b009dce7bcb2ad4c4a779f113f12caf8dc77f0162c29d20490b",
                "sha256:efd387a49825780ff861998cd959767800d54f8308936b21025326de4b5a42b9",
                "sha256:f0aa37f3c979cf2546b73e8222bbfa3dc07a641585340179d768068e3455e544",
                "sha256:f4074c5a429281bf056ddd4c5d3b740ebca4d43ffffe2ef4bf4d2d05114299da",
                "sha256:f69a27e45c43520f5487f27627059b64aaf160415589230992cec34c5e18a509",
                "sha256:fb707f3e15060adf5b7ada797624a6c6e0138e2a26baa089df64c68ee98e040f",
                "sha256:fcbe676a55d7445b22c10967bceaaf0ee69407fbe0ece4d032b6eb8d4565982a",
                "sha256:fdb20a30fe1175ecabed17cbf7812f7b804b8a315a25f24678bcdf120a90077f"
            ],
            "markers": "python_version >= '3.7'",
            "version": "==3.4.2"
        },
        "dill": {
            "hashes": [
                "sha256:0633f1d2df477324f53a895b02c901fb961bdbf65a17122586ea7019292cbcf0",
                "sha256:44f54bf6412c2c8464c14e8243eb163690a9800dbe2c367330883b19c7561049"
            ],
            "markers": "python_version >= '3.8'",
            "version": "==0.4.0"
        },
        "greenlet": {
            "hashes": [
                "sha256:003c930e0e074db83559edc8705f3a2d066d4aa8c2f198aff1e454946efd0f26",
                "sha256:024571bbce5f2c1cfff08bf3fbaa43bbc7444f580ae13b0099e95d0e6e67ed36",
                "sha256:02b0df6f63cd15012bed5401b47829cfd2e97052dc89da3cfaf2c779124eb892",
                "sha256:0921ac4ea42a5315d3446120ad48f90c3a6b9bb93dd9b3cf4e4d84a66e42de83",
                "sha256:0cc73378150b8b78b0c9fe2ce56e166695e67478550769536a6742dca3651688",
                "sha256:1afd685acd5597349ee6d7a88a8bec83ce13c106ac78c196ee9dde7c04fe87be",
                "sha256:22eb5ba839c4b2156f18f76768233fe44b23a31decd9cc0d4cc8141c211fd1b4",
                "sha256:25ad29caed5783d4bd7a85c9251c651696164622494c00802a139c00d639242d",
                "sha256:29e184536ba333003540790ba29829ac14bb645514fbd7e32af331e8202a62a5",
                "sha256:2c724620a101f8170065d7dded3f962a2aea7a7dae133a009cada42847e04a7b",
                "sha256:2d8aa5423cd4a396792f6d4580f88bdc6efcb9205891c9d40d20f6e670992efb",
                "sha256:3d04332dddb10b4a211b68111dabaee2e1a073663d117dc10247b5b1642bac86",
                "sha256:419e60f80709510c343c57b4bb5a339d8767bf9aef9b8ce43f4f143240f88b7c",
                "sha256:42efc522c0bd75ffa11a71e09cd8a399d83fafe36db250a87cf1dacfaa15dc64",
                "sha256:4532f0d25df67f896d137431b13f4cdce89f7e3d4a96387a41290910df4d3a57",
                "sha256:49c8cfb18fb419b3d08e011228ef8a25882397f3a859b9fe1436946140b6756b",
                "sha256:500b8689aa9dd1ab26872a34084503aeddefcb438e2e7317b89b11eaea1901ad",
                "sha256:5035d77a27b7c62db6cf41cf786cfe2242644a7a337a0e155c80960598baab95",
                "sha256:5195fb1e75e592dd04ce79881c8a22becdfa3e6f500e7feb059b1e6fdd54d3e3",
                "sha256:592c12fb1165be74592f5de0d70f82bc5ba552ac44800d632214b76089945147",
                "sha256:68671180e3849b963649254a882cd544a3c75bfcd2c527346ad8bb53494444db",
                "sha256:706d016a03e78df129f68c4c9b4c4f963f7d73534e48a24f5f5a7101ed13dbbb",
                "sha256:72e77ed69312bab0434d7292316d5afd6896192ac4327d44f3d613ecb85b037c",
                "sha256:731e154aba8e757aedd0781d4b240f1225b075b4409f1bb83b05ff410582cf00",
                "sha256:7454d37c740bb27bdeddfc3f358f26956a07d5220818ceb467a483197d84f849",
                "sha256:751261fc5ad7b6705f5f76726567375bb2104a059454e0226e1eef6c756748ba",
                "sha256:761917cac215c61e9dc7324b2606107b3b292a8349bdebb31503ab4de3f559ac",
                "sha256:784ae58bba89fa1fa5733d170d42486580cab9decda3484779f4759345b29822",
                "sha256:7e70ea4384b81ef9e84192e8a77fb87573138aa5d4feee541d8014e452b434da",
                "sha256:8186162dffde068a465deab08fc72c767196895c39db26ab1c17c0b77a6d8b97",
                "sha256:8324319cbd7b35b97990090808fdc99c27fe5338f87db50514959f8059999805",
                "sha256:83a8761c75312361aa2b5b903b79da97f13f556164a7dd2d5448655425bd4c34",
                "sha256:86c2d68e87107c1792e2e8d5399acec2487a4e993ab76c792408e59394d52141",
                "sha256:8704b3768d2f51150626962f4b9a9e4a17d2e37c8a8d9867bbd9fa4eb938d3b3",
                "sha256:873abe55f134c48e1f2a6f53f7d1419192a3d1a4e873bace00499a4e45ea6af0",
                "sha256:88cd97bf37fe24a6710ec6a3a7799f3f81d9cd33317dcf565ff9950c83f55e0b",
                "sha256:8b0dd8ae4c0d6f5e54ee55ba935eeb3d735a9b58a8a1e5b5cbab64e01a39f365",
                "sha256:8c37ef5b3787567d322331d5250e44e42b58c8c713859b8a04c6065f27efbf72",
                "sha256:8c47aae8fbbfcf82cc13327ae802ba13c9c36753b67e760023fd116bc124a62a",
                "sha256:93c0bb79844a367782ec4f429d07589417052e621aa39a5ac1fb99c5aa308edc",
                "sha256:93d48533fade144203816783373f27a97e4193177ebaaf0fc396db19e5d61163",
                "sha256:96c20252c2f792defe9a115d3287e14811036d51e78b3aaddbee23b69b216302",
                "sha256:a07d3472c2a93117af3b0136f246b2833fdc0b542d4a9799ae5f41c28323faef",
                "sha256:a433dbc54e4a37e4fff90ef34f25a8c00aed99b06856f0119dcf09fbafa16392",
                "sha256:aaa7aae1e7f75eaa3ae400ad98f8644bb81e1dc6ba47ce8a93d3f17274e08322",
                "sha256:baeedccca94880d2f5666b4fa16fc20ef50ba1ee353ee2d7092b383a243b0b0d",
                "sha256:be52af4b6292baecfa0f397f3edb3c6092ce071b499dd6fe292c9ac9f2c8f264",
                "sha256:c667c0bf9d406b77a15c924ef3285e1e05250948001220368e039b6aa5b5034b",
                "sha256:ce539fb52fb774d0802175d37fcff5c723e2c7d249c65916257f0a940cee8904",
                "sha256:d2971d93bb99e05f8c2c0c2f4aa9484a18d98c4c3bd3c62b65b7e6ae33dfcfaf",
                "sha256:d760f9bdfe79bff803bad32b4d8ffb2c1d2ce906313fc10a83976ffb73d64ca7",
                "sha256:ed6cfa9200484d234d8394c70f5492f144b20d4533f69262d530a1a082f6ee9a",
                "sha256:efc6dc8a792243c31f2f5674b670b3a95d46fa1c6a912b8e310d6f542e7b0712",
                "sha256:f4bfbaa6096b1b7a200024784217defedf46a07c2eee1a498e94a1b5f8ec5728"
            ],
            "markers": "python_version >= '3.9'",
            "version": "==3.2.3"
        },
        "idna": {
            "hashes": [
                "sha256:12f65c9b470abda6dc35cf8e63cc574b1c52b11df2c86030af0ac09b01b13ea9",
                "sha256:946d195a0d259cbba61165e88e65941f16e9b36ea6ddb97f00452bae8b1287d3"
            ],
            "markers": "python_version >= '3.6'",
            "version": "==3.10"
        },
        "isort": {
            "hashes": [
                "sha256:1cb5df28dfbc742e490c5e41bad6da41b805b0a8be7bc93cd0fb2a8a890ac450",
                "sha256:2dc5d7f65c9678d94c88dfc29161a320eec67328bc97aad576874cb4be1e9615"
            ],
            "markers": "python_full_version >= '3.9.0'",
            "version": "==6.0.1"
        },
        "mccabe": {
            "hashes": [
                "sha256:348e0240c33b60bbdf4e523192ef919f28cb2c3d7d5c7794f74009290f236325",
                "sha256:6c2d30ab6be0e4a46919781807b4f0d834ebdd6c6e3dca0bda5a15f863427b6e"
            ],
            "markers": "python_version >= '3.6'",
            "version": "==0.7.0"
        },
        "orjson": {
            "hashes": [
                "sha256:0315317601149c244cb3ecef246ef5861a64824ccbcb8018d32c66a60a84ffbc",
                "sha256:187aefa562300a9d382b4b4eb9694806e5848b0cedf52037bb5c228c61bb66d4",
                "sha256:187ec33bbec58c76dbd4066340067d9ece6e10067bb0cc074a21ae3300caa84e",
                "sha256:1ebeda919725f9dbdb269f59bc94f861afbe2a27dce5608cdba2d92772364d1c",
                "sha256:22748de2a07fcc8781a70edb887abf801bb6142e6236123ff93d12d92db3d406",
                "sha256:2783e121cafedf0d85c148c248a20470018b4ffd34494a68e125e7d5857655d1",
                "sha256:2b819ed34c01d88c6bec290e6842966f8e9ff84b7694632e88341363440d4cc0",
                "sha256:2d808e34ddb24fc29a4d4041dcfafbae13e129c93509b847b14432717d94b44f",
                "sha256:2daf7e5379b61380808c24f6fc182b7719301739e4271c3ec88f2984a2d61f89",
                "sha256:2f6c57debaef0b1aa13092822cbd3698a1fb0209a9ea013a969f4efa36bdea57",
                "sha256:303565c67a6c7b1f194c94632a4a39918e067bd6176a48bec697393865ce4f06",
                "sha256:356b076f1662c9813d5fa56db7d63ccceef4c271b1fb3dd522aca291375fcf17",
                "sha256:3a83c9954a4107b9acd10291b7f12a6b29e35e8d43a414799906ea10e75438e6",
                "sha256:3d600be83fe4514944500fa8c2a0a77099025ec6482e8087d7659e891f23058a",
                "sha256:3f9478ade5313d724e0495d167083c6f3be0dd2f1c9c8a38db9a9e912cdaf947",
                "sha256:50c15557afb7f6d63bc6d6348e0337a880a04eaa9cd7c9d569bcb4e760a24753",
                "sha256:50ce016233ac4bfd843ac5471e232b865271d7d9d44cf9d33773bcd883ce442b",
                "sha256:51f8c63be6e070ec894c629186b1c0fe798662b8687f3d9fdfa5e401c6bd7679",
                "sha256:5232d85f177f98e0cefabb48b5e7f60cff6f3f0365f9c60631fecd73849b2a82",
                "sha256:53a245c104d2792e65c8d225158f2b8262749ffe64bc7755b00024757d957a13",
                "sha256:559eb40a70a7494cd5beab2d73657262a74a2c59aff2068fdba8f0424ec5b39d",
                "sha256:57b5d0673cbd26781bebc2bf86f99dd19bd5a9cb55f71cc4f66419f6b50f3d77",
                "sha256:5adf5f4eed520a4959d29ea80192fa626ab9a20b2ea13f8f6dc58644f6927103",
                "sha256:5e3c9cc2ba324187cd06287ca24f65528f16dfc80add48dc99fa6c836bb3137e",
                "sha256:5ef7c164d9174362f85238d0cd4afdeeb89d9e523e4651add6a5d458d6f7d42d",
                "sha256:607eb3ae0909d47280c1fc657c4284c34b785bae371d007595633f4b1a2bbe06",
                "sha256:641481b73baec8db14fdf58f8967e52dc8bda1f2aba3aa5f5c1b07ed6df50b7f",
                "sha256:6612787e5b0756a171c7d81ba245ef63a3533a637c335aa7fcb8e665f4a0966f",
                "sha256:69c34b9441b863175cc6a01f2935de994025e773f814412030f269da4f7be147",
                "sha256:7115fcbc8525c74e4c2b608129bef740198e9a120ae46184dac7683191042056",
                "sha256:73be1cbcebadeabdbc468f82b087df435843c809cd079a565fb16f0f3b23238f",
                "sha256:755b6d61ffdb1ffa1e768330190132e21343757c9aa2308c67257cc81a1a6f5a",
                "sha256:7592bb48a214e18cd670974f289520f12b7aed1fa0b2e2616b8ed9e069e08595",
                "sha256:771474ad34c66bc4d1c01f645f150048030694ea5b2709b87d3bda273ffe505d",
                "sha256:7ac6bd7be0dcab5b702c9d43d25e70eb456dfd2e119d512447468f6405b4a69c",
                "sha256:7b672502323b6cd133c4af6b79e3bea36bad2d16bca6c1f645903fce83909a7a",
                "sha256:7c14047dbbea52886dd87169f21939af5d55143dad22d10db6a7514f058156a8",
                "sha256:7f39b371af3add20b25338f4b29a8d6e79a8c7ed0e9dd49e008228a065d07781",
                "sha256:86314fdb5053a2f5a5d881f03fca0219bfdf832912aa88d18676a5175c6916b5",
                "sha256:8770432524ce0eca50b7efc2a9a5f486ee0113a5fbb4231526d414e6254eba92",
                "sha256:8e4b2ae732431127171b875cb2668f883e1234711d3c147ffd69fe5be51a8012",
                "sha256:951775d8b49d1d16ca8818b1f20c4965cae9157e7b562a2ae34d3967b8f21c8e",
                "sha256:9b0aa09745e2c9b3bf779b096fa71d1cc2d801a604ef6dd79c8b1bfef52b2f92",
                "sha256:9da552683bc9da222379c7a01779bddd0ad39dd699dd6300abaf43eadee38334",
                "sha256:9dca85398d6d093dd41dc0983cbf54ab8e6afd1c547b6b8a311643917fbf4e0c",
                "sha256:9f72f100cee8dde70100406d5c1abba515a7df926d4ed81e20a9730c062fe9ad",
                "sha256:a45e5d68066b408e4bc383b6e4ef05e717c65219a9e1390abc6155a520cac402",
                "sha256:a6c7c391beaedd3fa63206e5c2b7b554196f14debf1ec9deb54b5d279b1b46f5",
                "sha256:ad8eacbb5d904d5591f27dee4031e2c1db43d559edb8f91778efd642d70e6bea",
                "sha256:aed411bcb68bf62e85588f2a7e03a6082cc42e5a2796e06e72a962d7c6310b52",
                "sha256:afd14c5d99cdc7bf93f22b12ec3b294931518aa019e2a147e8aa2f31fd3240f7",
                "sha256:b3ceff74a8f7ffde0b2785ca749fc4e80e4315c0fd887561144059fb1c138aa7",
                "sha256:bb70d489bc79b7519e5803e2cc4c72343c9dc1154258adf2f8925d0b60da7c58",
                "sha256:be3b9b143e8b9db05368b13b04c84d37544ec85bb97237b3a923f076265ec89c",
                "sha256:c28082933c71ff4bc6ccc82a454a2bffcef6e1d7379756ca567c772e4fb3278a",
                "sha256:c382a5c0b5931a5fc5405053d36c1ce3fd561694738626c77ae0b1dfc0242ca1",
                "sha256:c95fae14225edfd699454e84f61c3dd938df6629a00c6ce15e704f57b58433bb",
                "sha256:ce8d0a875a85b4c8579eab5ac535fb4b2a50937267482be402627ca7e7570ee3",
                "sha256:e0a183ac3b8e40471e8d843105da6fbe7c070faab023be3b08188ee3f85719b8",
                "sha256:e0da26957e77e9e55a6c2ce2e7182a36a6f6b180ab7189315cb0995ec362e049",
                "sha256:e450885f7b47a0231979d9c49b567ed1c4e9f69240804621be87c40bc9d3cf17",
                "sha256:e54ee3722caf3db09c91f442441e78f916046aa58d16b93af8a91500b7bbf273",
                "sha256:e8da3947d92123eda795b68228cafe2724815621fe35e8e320a9e9593a4bcd53",
                "sha256:e9e86a6af31b92299b00736c89caf63816f70a4001e750bda179e15564d7a034",
                "sha256:f3c29eb9a81e2fbc6fd7ddcfba3e101ba92eaff455b8d602bf7511088bbc0eae",
                "sha256:f54c1385a0e6aba2f15a40d703b858bedad36ded0491e55d35d905b2c34a4cc3",
                "sha256:f872bef9f042734110642b7a11937440797ace8c87527de25e0c53558b579ccc",
                "sha256:f9495ab2611b7f8a0a8a505bcb0f0cbdb5469caafe17b0e404c3c746f9900469",
                "sha256:f9f94cf6d3f9cd720d641f8399e390e7411487e493962213390d1ae45c7814fc",
                "sha256:fdba703c722bd868c04702cac4cb8c6b8ff137af2623bc0ddb3b3e6a2c8996c1",
                "sha256:fdd9d68f83f0bc4406610b1ac68bdcded8c5ee58605cc69e643a06f4d075f429",
                "sha256:fe8936ee2679e38903df158037a2f1c108129dee218975122e37847fb1d4ac68"
            ],
            "markers": "python_version >= '3.9'",
            "version": "==3.10.18"
        },
        "pep8": {
            "hashes": [
                "sha256:b22cfae5db09833bb9bd7c8463b53e1a9c9b39f12e304a8d0bba729c501827ee",
                "sha256:fe249b52e20498e59e0b5c5256aa52ee99fc295b26ec9eaa85776ffdb9fe6374"
            ],
            "index": "pypi",
            "version": "==1.7.1"
        },
        "platformdirs": {
            "hashes": [
                "sha256:3d512d96e16bcb959a814c9f348431070822a6496326a4be0911c40b5a74c2bc",
                "sha256:ff7059bb7eb1179e2685604f4aaf157cfd9535242bd23742eadc3c13542139b4"
            ],
            "markers": "python_version >= '3.9'",
            "version": "==4.3.8"
        },
        "psycopg2-binary": {
            "hashes": [
                "sha256:04392983d0bb89a8717772a193cfaac58871321e3ec69514e1c4e0d4957b5aff",
                "sha256:056470c3dc57904bbf63d6f534988bafc4e970ffd50f6271fc4ee7daad9498a5",
                "sha256:0ea8e3d0ae83564f2fc554955d327fa081d065c8ca5cc6d2abb643e2c9c1200f",
                "sha256:155e69561d54d02b3c3209545fb08938e27889ff5a10c19de8d23eb5a41be8a5",
                "sha256:18c5ee682b9c6dd3696dad6e54cc7ff3a1a9020df6a5c0f861ef8bfd338c3ca0",
                "sha256:19721ac03892001ee8fdd11507e6a2e01f4e37014def96379411ca99d78aeb2c",
                "sha256:1a6784f0ce3fec4edc64e985865c17778514325074adf5ad8f80636cd029ef7c",
                "sha256:2286791ececda3a723d1910441c793be44625d86d1a4e79942751197f4d30341",
                "sha256:230eeae2d71594103cd5b93fd29d1ace6420d0b86f4778739cb1a5a32f607d1f",
                "sha256:245159e7ab20a71d989da00f280ca57da7641fa2cdcf71749c193cea540a74f7",
                "sha256:26540d4a9a4e2b096f1ff9cce51253d0504dca5a85872c7f7be23be5a53eb18d",
                "sha256:270934a475a0e4b6925b5f804e3809dd5f90f8613621d062848dd82f9cd62007",
                "sha256:27422aa5f11fbcd9b18da48373eb67081243662f9b46e6fd07c3eb46e4535142",
                "sha256:2ad26b467a405c798aaa1458ba09d7e2b6e5f96b1ce0ac15d82fd9f95dc38a92",
                "sha256:2b3d2491d4d78b6b14f76881905c7a8a8abcf974aad4a8a0b065273a0ed7a2cb",
                "sha256:2ce3e21dc3437b1d960521eca599d57408a695a0d3c26797ea0f72e834c7ffe5",
                "sha256:30e34c4e97964805f715206c7b789d54a78b70f3ff19fbe590104b71c45600e5",
                "sha256:3216ccf953b3f267691c90c6fe742e45d890d8272326b4a8b20850a03d05b7b8",
                "sha256:32581b3020c72d7a421009ee1c6bf4a131ef5f0a968fab2e2de0c9d2bb4577f1",
                "sha256:35958ec9e46432d9076286dda67942ed6d968b9c3a6a2fd62b48939d1d78bf68",
                "sha256:3abb691ff9e57d4a93355f60d4f4c1dd2d68326c968e7db17ea96df3c023ef73",
                "sha256:3c18f74eb4386bf35e92ab2354a12c17e5eb4d9798e4c0ad3a00783eae7cd9f1",
                "sha256:3c4745a90b78e51d9ba06e2088a2fe0c693ae19cc8cb051ccda44e8df8a6eb53",
                "sha256:3c4ded1a24b20021ebe677b7b08ad10bf09aac197d6943bfe6fec70ac4e4690d",
                "sha256:3e9c76f0ac6f92ecfc79516a8034a544926430f7b080ec5a0537bca389ee0906",
                "sha256:48b338f08d93e7be4ab2b5f1dbe69dc5e9ef07170fe1f86514422076d9c010d0",
                "sha256:4b3df0e6990aa98acda57d983942eff13d824135fe2250e6522edaa782a06de2",
                "sha256:512d29bb12608891e349af6a0cccedce51677725a921c07dba6342beaf576f9a",
                "sha256:5a507320c58903967ef7384355a4da7ff3f28132d679aeb23572753cbf2ec10b",
                "sha256:5c370b1e4975df846b0277b4deba86419ca77dbc25047f535b0bb03d1a544d44",
                "sha256:6b269105e59ac96aba877c1707c600ae55711d9dcd3fc4b5012e4af68e30c648",
                "sha256:6d4fa1079cab9018f4d0bd2db307beaa612b0d13ba73b5c6304b9fe2fb441ff7",
                "sha256:6dc08420625b5a20b53551c50deae6e231e6371194fa0651dbe0fb206452ae1f",
                "sha256:73aa0e31fa4bb82578f3a6c74a73c273367727de397a7a0f07bd83cbea696baa",
                "sha256:7559bce4b505762d737172556a4e6ea8a9998ecac1e39b5233465093e8cee697",
                "sha256:79625966e176dc97ddabc142351e0409e28acf4660b88d1cf6adb876d20c490d",
                "sha256:7a813c8bdbaaaab1f078014b9b0b13f5de757e2b5d9be6403639b298a04d218b",
                "sha256:7b2c956c028ea5de47ff3a8d6b3cc3330ab45cf0b7c3da35a2d6ff8420896526",
                "sha256:7f4152f8f76d2023aac16285576a9ecd2b11a9895373a1f10fd9db54b3ff06b4",
                "sha256:7f5d859928e635fa3ce3477704acee0f667b3a3d3e4bb109f2b18d4005f38287",
                "sha256:851485a42dbb0bdc1edcdabdb8557c09c9655dfa2ca0460ff210522e073e319e",
                "sha256:8608c078134f0b3cbd9f89b34bd60a943b23fd33cc5f065e8d5f840061bd0673",
                "sha256:880845dfe1f85d9d5f7c412efea7a08946a46894537e4e5d091732eb1d34d9a0",
                "sha256:8aabf1c1a04584c168984ac678a668094d831f152859d06e055288fa515e4d30",
                "sha256:8aecc5e80c63f7459a1a2ab2c64df952051df196294d9f739933a9f6687e86b3",
                "sha256:8cd9b4f2cfab88ed4a9106192de509464b75a906462fb846b936eabe45c2063e",
                "sha256:8de718c0e1c4b982a54b41779667242bc630b2197948405b7bd8ce16bcecac92",
                "sha256:9440fa522a79356aaa482aa4ba500b65f28e5d0e63b801abf6aa152a29bd842a",
                "sha256:b5f86c56eeb91dc3135b3fd8a95dc7ae14c538a2f3ad77a19645cf55bab1799c",
                "sha256:b73d6d7f0ccdad7bc43e6d34273f70d587ef62f824d7261c4ae9b8b1b6af90e8",
                "sha256:bb89f0a835bcfc1d42ccd5f41f04870c1b936d8507c6df12b7737febc40f0909",
                "sha256:c3cc28a6fd5a4a26224007712e79b81dbaee2ffb90ff406256158ec4d7b52b47",
                "sha256:ce5ab4bf46a211a8e924d307c1b1fcda82368586a19d0a24f8ae166f5c784864",
                "sha256:d00924255d7fc916ef66e4bf22f354a940c67179ad3fd7067d7a0a9c84d2fbfc",
                "sha256:d7cd730dfa7c36dbe8724426bf5612798734bff2d3c3857f36f2733f5bfc7c00",
                "sha256:e217ce4d37667df0bc1c397fdcd8de5e81018ef305aed9415c3b093faaeb10fb",
                "sha256:e3923c1d9870c49a2d44f795df0c889a22380d36ef92440ff618ec315757e539",
                "sha256:e5720a5d25e3b99cd0dc5c8a440570469ff82659bb09431c1439b92caf184d3b",
                "sha256:e8b58f0a96e7a1e341fc894f62c1177a7c83febebb5ff9123b579418fdc8a481",
                "sha256:e984839e75e0b60cfe75e351db53d6db750b00de45644c5d1f7ee5d1f34a1ce5",
                "sha256:eb09aa7f9cecb45027683bb55aebaaf45a0df8bf6de68801a6afdc7947bb09d4",
                "sha256:ec8a77f521a17506a24a5f626cb2aee7850f9b69a0afe704586f63a464f3cd64",
                "sha256:ecced182e935529727401b24d76634a357c71c9275b356efafd8a2a91ec07392",
                "sha256:ee0e8c683a7ff25d23b55b11161c2663d4b099770f6085ff0a20d4505778d6b4",
                "sha256:f0c2d907a1e102526dd2986df638343388b94c33860ff3bbe1384130828714b1",
                "sha256:f758ed67cab30b9a8d2833609513ce4d3bd027641673d4ebc9c067e4d208eec1",
                "sha256:f8157bed2f51db683f31306aa497311b560f2265998122abe1dce6428bd86567",
                "sha256:ffe8ed017e4ed70f68b7b371d84b7d4a790368db9203dfc2d222febd3a9c8863"
            ],
            "index": "pypi",
            "markers": "python_version >= '3.8'",
            "version": "==2.9.10"
        },
        "pycparser": {
            "hashes": [
                "sha256:491c8be9c040f5390f5bf44a5b07752bd07f56edf992381b05c701439eec10f6",
                "sha256:c3702b6d3dd8c7abc1afa565d7e63d53a1d0bd86cdc24edd75470f4de499cfcc"
            ],
            "markers": "python_version >= '3.8'",
            "version": "==2.22"
        },
        "pyflakes": {
            "hashes": [
                "sha256:5039c8339cbb1944045f4ee5466908906180f13cc99cc9949348d10f82a5c32a",
                "sha256:6dfd61d87b97fba5dcfaaf781171ac16be16453be6d816147989e7f6e6a9576b"
            ],
            "index": "pypi",
            "markers": "python_version >= '3.9'",
            "version": "==3.3.2"
        },
        "pylint": {
            "hashes": [
                "sha256:2b11de8bde49f9c5059452e0c310c079c746a0a8eeaa789e5aa966ecc23e4559",
                "sha256:43860aafefce92fca4cf6b61fe199cdc5ae54ea28f9bf4cd49de267b5195803d"
            ],
            "index": "pypi",
            "markers": "python_full_version >= '3.9.0'",
            "version": "==3.3.7"
        },
        "pyyaml": {
            "hashes": [
                "sha256:01179a4a8559ab5de078078f37e5c1a30d76bb88519906844fd7bdea1b7729ff",
                "sha256:0833f8694549e586547b576dcfaba4a6b55b9e96098b36cdc7ebefe667dfed48",
                "sha256:0a9a2848a5b7feac301353437eb7d5957887edbf81d56e903999a75a3d743086",
                "sha256:0b69e4ce7a131fe56b7e4d770c67429700908fc0752af059838b1cfb41960e4e",
                "sha256:0ffe8360bab4910ef1b9e87fb812d8bc0a308b0d0eef8c8f44e0254ab3b07133",
                "sha256:11d8f3dd2b9c1207dcaf2ee0bbbfd5991f571186ec9cc78427ba5bd32afae4b5",
                "sha256:17e311b6c678207928d649faa7cb0d7b4c26a0ba73d41e99c4fff6b6c3276484",
                "sha256:1e2120ef853f59c7419231f3bf4e7021f1b936f6ebd222406c3b60212205d2ee",
                "sha256:1f71ea527786de97d1a0cc0eacd1defc0985dcf6b3f17bb77dcfc8c34bec4dc5",
                "sha256:23502f431948090f597378482b4812b0caae32c22213aecf3b55325e049a6c68",
                "sha256:24471b829b3bf607e04e88d79542a9d48bb037c2267d7927a874e6c205ca7e9a",
                "sha256:29717114e51c84ddfba879543fb232a6ed60086602313ca38cce623c1d62cfbf",
                "sha256:2e99c6826ffa974fe6e27cdb5ed0021786b03fc98e5ee3c5bfe1fd5015f42b99",
                "sha256:39693e1f8320ae4f43943590b49779ffb98acb81f788220ea932a6b6c51004d8",
                "sha256:3ad2a3decf9aaba3d29c8f537ac4b243e36bef957511b4766cb0057d32b0be85",
                "sha256:3b1fdb9dc17f5a7677423d508ab4f243a726dea51fa5e70992e59a7411c89d19",
                "sha256:41e4e3953a79407c794916fa277a82531dd93aad34e29c2a514c2c0c5fe971cc",
                "sha256:43fa96a3ca0d6b1812e01ced1044a003533c47f6ee8aca31724f78e93ccc089a",
                "sha256:50187695423ffe49e2deacb8cd10510bc361faac997de9efef88badc3bb9e2d1",
                "sha256:5ac9328ec4831237bec75defaf839f7d4564be1e6b25ac710bd1a96321cc8317",
                "sha256:5d225db5a45f21e78dd9358e58a98702a0302f2659a3c6cd320564b75b86f47c",
                "sha256:6395c297d42274772abc367baaa79683958044e5d3835486c16da75d2a694631",
                "sha256:688ba32a1cffef67fd2e9398a2efebaea461578b0923624778664cc1c914db5d",
                "sha256:68ccc6023a3400877818152ad9a1033e3db8625d899c72eacb5a668902e4d652",
                "sha256:70b189594dbe54f75ab3a1acec5f1e3faa7e8cf2f1e08d9b561cb41b845f69d5",
                "sha256:797b4f722ffa07cc8d62053e4cff1486fa6dc094105d13fea7b1de7d8bf71c9e",
                "sha256:7c36280e6fb8385e520936c3cb3b8042851904eba0e58d277dca80a5cfed590b",
                "sha256:7e7401d0de89a9a855c839bc697c079a4af81cf878373abd7dc625847d25cbd8",
                "sha256:80bab7bfc629882493af4aa31a4cfa43a4c57c83813253626916b8c7ada83476",
                "sha256:82d09873e40955485746739bcb8b4586983670466c23382c19cffecbf1fd8706",
                "sha256:8388ee1976c416731879ac16da0aff3f63b286ffdd57cdeb95f3f2e085687563",
                "sha256:8824b5a04a04a047e72eea5cec3bc266db09e35de6bdfe34c9436ac5ee27d237",
                "sha256:8b9c7197f7cb2738065c481a0461e50ad02f18c78cd75775628afb4d7137fb3b",
                "sha256:9056c1ecd25795207ad294bcf39f2db3d845767be0ea6e6a34d856f006006083",
                "sha256:936d68689298c36b53b29f23c6dbb74de12b4ac12ca6cfe0e047bedceea56180",
                "sha256:9b22676e8097e9e22e36d6b7bda33190d0d400f345f23d4065d48f4ca7ae0425",
                "sha256:a4d3091415f010369ae4ed1fc6b79def9416358877534caf6a0fdd2146c87a3e",
                "sha256:a8786accb172bd8afb8be14490a16625cbc387036876ab6ba70912730faf8e1f",
                "sha256:a9f8c2e67970f13b16084e04f134610fd1d374bf477b17ec1599185cf611d725",
                "sha256:bc2fa7c6b47d6bc618dd7fb02ef6fdedb1090ec036abab80d4681424b84c1183",
                "sha256:c70c95198c015b85feafc136515252a261a84561b7b1d51e3384e0655ddf25ab",
                "sha256:cc1c1159b3d456576af7a3e4d1ba7e6924cb39de8f67111c735f6fc832082774",
                "sha256:ce826d6ef20b1bc864f0a68340c8b3287705cae2f8b4b1d932177dcc76721725",
                "sha256:d584d9ec91ad65861cc08d42e834324ef890a082e591037abe114850ff7bbc3e",
                "sha256:d7fded462629cfa4b685c5416b949ebad6cec74af5e2d42905d41e257e0869f5",
                "sha256:d84a1718ee396f54f3a086ea0a66d8e552b2ab2017ef8b420e92edbc841c352d",
                "sha256:d8e03406cac8513435335dbab54c0d385e4a49e4945d2909a581c83647ca0290",
                "sha256:e10ce637b18caea04431ce14fabcf5c64a1c61ec9c56b071a4b7ca131ca52d44",
                "sha256:ec031d5d2feb36d1d1a24380e4db6d43695f3748343d99434e6f5f9156aaa2ed",
                "sha256:ef6107725bd54b262d6dedcc2af448a266975032bc85ef0172c5f059da6325b4",
                "sha256:efdca5630322a10774e8e98e1af481aad470dd62c3170801852d752aa7a783ba",
                "sha256:f753120cb8181e736c57ef7636e83f31b9c0d1722c516f7e86cf15b7aa57ff12",
                "sha256:ff3824dc5261f50c9b0dfb3be22b4567a6f938ccce4587b38952d85fd9e9afe4"
            ],
            "index": "pypi",
            "markers": "python_version >= '3.8'",
            "version": "==6.0.2"
        },
        "requests": {
            "hashes": [
                "sha256:27babd3cda2a6d50b30443204ee89830707d396671944c998b5975b031ac2b2c",
                "sha256:27d0316682c8a29834d3264820024b62a36942083d52caf2f14c0591336d3422"
            ],
            "index": "pypi",
            "markers": "python_version >= '3.8'",
            "version": "==2.32.4"
        },
        "sqlalchemy": {
            "hashes": [
                "sha256:023b3ee6169969beea3bb72312e44d8b7c27c75b347942d943cf49397b7edeb5",
                "sha256:03968a349db483936c249f4d9cd14ff2c296adfa1290b660ba6516f973139582",
                "sha256:05132c906066142103b83d9c250b60508af556982a385d96c4eaa9fb9720ac2b",
                "sha256:087b6b52de812741c27231b5a3586384d60c353fbd0e2f81405a814b5591dc8b",
                "sha256:0b3dbf1e7e9bc95f4bac5e2fb6d3fb2f083254c3fdd20a1789af965caf2d2348",
                "sha256:118c16cd3f1b00c76d69343e38602006c9cfb9998fa4f798606d28d63f23beda",
                "sha256:1936af879e3db023601196a1684d28e12f19ccf93af01bf3280a3262c4b6b4e5",
                "sha256:1e3f196a0c59b0cae9a0cd332eb1a4bda4696e863f4f1cf84ab0347992c548c2",
                "sha256:23a8825495d8b195c4aa9ff1c430c28f2c821e8c5e2d98089228af887e5d7e29",
                "sha256:293cd444d82b18da48c9f71cd7005844dbbd06ca19be1ccf6779154439eec0b8",
                "sha256:32f9dc8c44acdee06c8fc6440db9eae8b4af8b01e4b1aee7bdd7241c22edff4f",
                "sha256:34ea30ab3ec98355235972dadc497bb659cc75f8292b760394824fab9cf39826",
                "sha256:3d3549fc3e40667ec7199033a4e40a2f669898a00a7b18a931d3efb4c7900504",
                "sha256:41836fe661cc98abfae476e14ba1906220f92c4e528771a8a3ae6a151242d2ae",
                "sha256:4d44522480e0bf34c3d63167b8cfa7289c1c54264c2950cc5fc26e7850967e45",
                "sha256:4eeb195cdedaf17aab6b247894ff2734dcead6c08f748e617bfe05bd5a218443",
                "sha256:4f67766965996e63bb46cfbf2ce5355fc32d9dd3b8ad7e536a920ff9ee422e23",
                "sha256:57df5dc6fdb5ed1a88a1ed2195fd31927e705cad62dedd86b46972752a80f576",
                "sha256:598d9ebc1e796431bbd068e41e4de4dc34312b7aa3292571bb3674a0cb415dd1",
                "sha256:5b14e97886199c1f52c14629c11d90c11fbb09e9334fa7bb5f6d068d9ced0ce0",
                "sha256:5e22575d169529ac3e0a120cf050ec9daa94b6a9597993d1702884f6954a7d71",
                "sha256:60c578c45c949f909a4026b7807044e7e564adf793537fc762b2489d522f3d11",
                "sha256:6145afea51ff0af7f2564a05fa95eb46f542919e6523729663a5d285ecb3cf5e",
                "sha256:6375cd674fe82d7aa9816d1cb96ec592bac1726c11e0cafbf40eeee9a4516b5f",
                "sha256:6854175807af57bdb6425e47adbce7d20a4d79bbfd6f6d6519cd10bb7109a7f8",
                "sha256:6ab60a5089a8f02009f127806f777fca82581c49e127f08413a66056bd9166dd",
                "sha256:725875a63abf7c399d4548e686debb65cdc2549e1825437096a0af1f7e374814",
                "sha256:7492967c3386df69f80cf67efd665c0f667cee67032090fe01d7d74b0e19bb08",
                "sha256:81965cc20848ab06583506ef54e37cf15c83c7e619df2ad16807c03100745dea",
                "sha256:81c24e0c0fde47a9723c81d5806569cddef103aebbf79dbc9fcbb617153dea30",
                "sha256:81eedafa609917040d39aa9332e25881a8e7a0862495fcdf2023a9667209deda",
                "sha256:81f413674d85cfd0dfcd6512e10e0f33c19c21860342a4890c3a2b59479929f9",
                "sha256:8280856dd7c6a68ab3a164b4a4b1c51f7691f6d04af4d4ca23d6ecf2261b7923",
                "sha256:82ca366a844eb551daff9d2e6e7a9e5e76d2612c8564f58db6c19a726869c1df",
                "sha256:8b4af17bda11e907c51d10686eda89049f9ce5669b08fbe71a29747f1e876036",
                "sha256:90144d3b0c8b139408da50196c5cad2a6909b51b23df1f0538411cd23ffa45d3",
                "sha256:906e6b0d7d452e9a98e5ab8507c0da791856b2380fdee61b765632bb8698026f",
                "sha256:90c11ceb9a1f482c752a71f203a81858625d8df5746d787a4786bca4ffdf71c6",
                "sha256:911cc493ebd60de5f285bcae0491a60b4f2a9f0f5c270edd1c4dbaef7a38fc04",
                "sha256:9a420a91913092d1e20c86a2f5f1fc85c1a8924dbcaf5e0586df8aceb09c9cc2",
                "sha256:9f8c9fdd15a55d9465e590a402f42082705d66b05afc3ffd2d2eb3c6ba919560",
                "sha256:a104c5694dfd2d864a6f91b0956eb5d5883234119cb40010115fd45a16da5e70",
                "sha256:a373a400f3e9bac95ba2a06372c4fd1412a7cee53c37fc6c05f829bf672b8769",
                "sha256:a62448526dd9ed3e3beedc93df9bb6b55a436ed1474db31a2af13b313a70a7e1",
                "sha256:a8808d5cf866c781150d36a3c8eb3adccfa41a8105d031bf27e92c251e3969d6",
                "sha256:b1f09b6821406ea1f94053f346f28f8215e293344209129a9c0fcc3578598d7b",
                "sha256:b2ac41acfc8d965fb0c464eb8f44995770239668956dc4cdf502d1b1ffe0d747",
                "sha256:b46fa6eae1cd1c20e6e6f44e19984d438b6b2d8616d21d783d150df714f44078",
                "sha256:b50eab9994d64f4a823ff99a0ed28a6903224ddbe7fef56a6dd865eec9243440",
                "sha256:bfc9064f6658a3d1cadeaa0ba07570b83ce6801a1314985bf98ec9b95d74e15f",
                "sha256:c0b0e5e1b5d9f3586601048dd68f392dc0cc99a59bb5faf18aab057ce00d00b2",
                "sha256:c153265408d18de4cc5ded1941dcd8315894572cddd3c58df5d5b5705b3fa28d",
                "sha256:d4ae769b9c1c7757e4ccce94b0641bc203bbdf43ba7a2413ab2523d8d047d8dc",
                "sha256:dc56c9788617b8964ad02e8fcfeed4001c1f8ba91a9e1f31483c0dffb207002a",
                "sha256:dd5ec3aa6ae6e4d5b5de9357d2133c07be1aff6405b136dad753a16afb6717dd",
                "sha256:edba70118c4be3c2b1f90754d308d0b79c6fe2c0fdc52d8ddf603916f83f4db9",
                "sha256:ff8e80c4c4932c10493ff97028decfdb622de69cae87e0f127a7ebe32b4069c6"
            ],
            "index": "pypi",
            "markers": "python_version >= '3.7'",
            "version": "==2.0.41"
        },
        "tomlkit": {
            "hashes": [
                "sha256:430cf247ee57df2b94ee3fbe588e71d362a941ebb545dec29b53961d61add2a1",
                "sha256:c89c649d79ee40629a9fda55f8ace8c6a1b42deb912b2a8fd8d942ddadb606b0"
            ],
            "markers": "python_version >= '3.8'",
            "version": "==0.13.3"
        },
        "tqdm": {
            "hashes": [
                "sha256:26445eca388f82e72884e0d580d5464cd801a3ea01e63e5601bdff9ba6a48de2",
                "sha256:f8aef9c52c08c13a65f30ea34f4e5aac3fd1a34959879d7e59e63027286627f2"
            ],
            "index": "pypi",
            "markers": "python_version >= '3.7'",
            "version": "==4.67.1"
        },
        "typing-extensions": {
            "hashes": [
                "sha256:8676b788e32f02ab42d9e7c61324048ae4c6d844a399eebace3d4979d75ceef4",
                "sha256:a1514509136dd0b477638fc68d6a91497af5076466ad0fa6c338e44e359944af"
            ],
            "markers": "python_version >= '3.9'",
            "version": "==4.14.0"
        },
        "urllib3": {
            "hashes": [
                "sha256:414bc6535b787febd7567804cc015fee39daab8ad86268f1310a9250697de466",
                "sha256:4e16665048960a0900c702d4a66415956a584919c03361cac9f1df5c5dd7e813"
            ],
            "markers": "python_version >= '3.9'",
            "version": "==2.4.0"
        }
    },
    "develop": {}
}
