# This file was autogenerated by uv via the following command:
#    uv pip compile pyproject.toml --universal -o requirements.lock
apscheduler==3.11.2
    # via jcutil (pyproject.toml)
certifi==2026.1.4
    # via requests
charset-normalizer==3.4.4
    # via requests
colorama==0.4.6
    # via jcutil (pyproject.toml)
dnspython==2.8.0
    # via pymongo
idna==3.11
    # via requests
jcramda==1.0.6
    # via jcutil (pyproject.toml)
joblib==1.5.3
    # via jcutil (pyproject.toml)
more-itertools==8.14.0
    # via jcramda
motor==3.7.1
    # via jcutil (pyproject.toml)
numpy==2.4.1
    # via pandas
pandas==2.3.3
    # via jcutil (pyproject.toml)
passlib==1.7.4
    # via jcutil (pyproject.toml)
py-consul==1.7.1
    # via jcutil (pyproject.toml)
pycryptodomex==3.23.0
    # via jcutil (pyproject.toml)
pyhcl==0.4.5
    # via jcutil (pyproject.toml)
pymongo==4.16.0
    # via
    #   jcutil (pyproject.toml)
    #   motor
python-dateutil==2.9.0.post0
    # via
    #   jcramda
    #   pandas
python-dotenv==1.2.1
    # via jcutil (pyproject.toml)
pytz==2021.3
    # via
    #   jcramda
    #   pandas
pyyaml==6.0.3
    # via jcutil (pyproject.toml)
redis==7.1.0
    # via jcutil (pyproject.toml)
requests==2.32.5
    # via py-consul
six==1.17.0
    # via python-dateutil
tzdata==2025.3
    # via
    #   pandas
    #   tzlocal
tzlocal==5.3.1
    # via apscheduler
urllib3==2.6.3
    # via requests
